
Microsoft Visual Studio Solution File, Format Version 12.00
# Visual Studio Version 17
VisualStudioVersion = 17.0.31612.314
MinimumVisualStudioVersion = 10.0.40219.1
Project("{9A19103F-16F7-4668-BE54-9A1E7A4F7556}") = "XXX.API", "XXX.API\XXX.API.csproj", "{BF471A91-E80B-4DB9-A9A4-BCCDC43A4AF1}"
EndProject
Project("{9A19103F-16F7-4668-BE54-9A1E7A4F7556}") = "XXX.Entity", "XXX.Entity\XXX.Entity.csproj", "{42C12AD8-4174-4D26-9F4D-CC5273780534}"
EndProject
Project("{9A19103F-16F7-4668-BE54-9A1E7A4F7556}") = "XXX.Plugin.Redis", "XXX.Plugin.Redis\XXX.Plugin.Redis.csproj", "{603399A9-20AC-47A0-B387-6EE7F1A7687B}"
EndProject
Project("{9A19103F-16F7-4668-BE54-9A1E7A4F7556}") = "XXX.Plugin.FreeSql", "XXX.Plugin.FreeSql\XXX.Plugin.FreeSql.csproj", "{B8A0ADF3-2717-4609-9C43-BA192D41BA9C}"
EndProject
Project("{9A19103F-16F7-4668-BE54-9A1E7A4F7556}") = "XXX.Plugin.MediatR", "XXX.Plugin.MediatR\XXX.Plugin.MediatR.csproj", "{F772E244-0022-4D39-8E62-5CACB6030814}"
EndProject
Project("{9A19103F-16F7-4668-BE54-9A1E7A4F7556}") = "XXX.Plugin.ZeroMQ", "XXX.Plugin.ZeroMQ\XXX.Plugin.ZeroMQ.csproj", "{44F19703-409A-4756-AEBF-FD287FD499B1}"
EndProject
Project("{9A19103F-16F7-4668-BE54-9A1E7A4F7556}") = "XXX.Plugin.MQTTServer", "XXX.Plugin.MQTTServer\XXX.Plugin.MQTTServer.csproj", "{593EB12A-35E1-49F7-AE23-2EC3246F00D2}"
EndProject
Project("{9A19103F-16F7-4668-BE54-9A1E7A4F7556}") = "XXX.Plugin.MongoDB", "XXX.Plugin.MongoDB\XXX.Plugin.MongoDB.csproj", "{51F23EA5-7339-4774-B215-55AC06286FA5}"
EndProject
Project("{9A19103F-16F7-4668-BE54-9A1E7A4F7556}") = "XXX.Plugin.EasyNetQ", "XXX.Plugin.EasyNetQ\XXX.Plugin.EasyNetQ.csproj", "{BA08E630-DF6F-4C41-92F0-83EC17653C93}"
EndProject
Global
	GlobalSection(SolutionConfigurationPlatforms) = preSolution
		Debug|Any CPU = Debug|Any CPU
		Release|Any CPU = Release|Any CPU
	EndGlobalSection
	GlobalSection(ProjectConfigurationPlatforms) = postSolution
		{BF471A91-E80B-4DB9-A9A4-BCCDC43A4AF1}.Debug|Any CPU.ActiveCfg = Debug|Any CPU
		{BF471A91-E80B-4DB9-A9A4-BCCDC43A4AF1}.Debug|Any CPU.Build.0 = Debug|Any CPU
		{BF471A91-E80B-4DB9-A9A4-BCCDC43A4AF1}.Release|Any CPU.ActiveCfg = Release|Any CPU
		{BF471A91-E80B-4DB9-A9A4-BCCDC43A4AF1}.Release|Any CPU.Build.0 = Release|Any CPU
		{42C12AD8-4174-4D26-9F4D-CC5273780534}.Debug|Any CPU.ActiveCfg = Debug|Any CPU
		{42C12AD8-4174-4D26-9F4D-CC5273780534}.Debug|Any CPU.Build.0 = Debug|Any CPU
		{42C12AD8-4174-4D26-9F4D-CC5273780534}.Release|Any CPU.ActiveCfg = Release|Any CPU
		{42C12AD8-4174-4D26-9F4D-CC5273780534}.Release|Any CPU.Build.0 = Release|Any CPU
		{603399A9-20AC-47A0-B387-6EE7F1A7687B}.Debug|Any CPU.ActiveCfg = Debug|Any CPU
		{603399A9-20AC-47A0-B387-6EE7F1A7687B}.Debug|Any CPU.Build.0 = Debug|Any CPU
		{603399A9-20AC-47A0-B387-6EE7F1A7687B}.Release|Any CPU.ActiveCfg = Release|Any CPU
		{603399A9-20AC-47A0-B387-6EE7F1A7687B}.Release|Any CPU.Build.0 = Release|Any CPU
		{B8A0ADF3-2717-4609-9C43-BA192D41BA9C}.Debug|Any CPU.ActiveCfg = Debug|Any CPU
		{B8A0ADF3-2717-4609-9C43-BA192D41BA9C}.Debug|Any CPU.Build.0 = Debug|Any CPU
		{B8A0ADF3-2717-4609-9C43-BA192D41BA9C}.Release|Any CPU.ActiveCfg = Release|Any CPU
		{B8A0ADF3-2717-4609-9C43-BA192D41BA9C}.Release|Any CPU.Build.0 = Release|Any CPU
		{F772E244-0022-4D39-8E62-5CACB6030814}.Debug|Any CPU.ActiveCfg = Debug|Any CPU
		{F772E244-0022-4D39-8E62-5CACB6030814}.Debug|Any CPU.Build.0 = Debug|Any CPU
		{F772E244-0022-4D39-8E62-5CACB6030814}.Release|Any CPU.ActiveCfg = Release|Any CPU
		{F772E244-0022-4D39-8E62-5CACB6030814}.Release|Any CPU.Build.0 = Release|Any CPU
		{44F19703-409A-4756-AEBF-FD287FD499B1}.Debug|Any CPU.ActiveCfg = Debug|Any CPU
		{44F19703-409A-4756-AEBF-FD287FD499B1}.Debug|Any CPU.Build.0 = Debug|Any CPU
		{44F19703-409A-4756-AEBF-FD287FD499B1}.Release|Any CPU.ActiveCfg = Release|Any CPU
		{44F19703-409A-4756-AEBF-FD287FD499B1}.Release|Any CPU.Build.0 = Release|Any CPU
		{593EB12A-35E1-49F7-AE23-2EC3246F00D2}.Debug|Any CPU.ActiveCfg = Debug|Any CPU
		{593EB12A-35E1-49F7-AE23-2EC3246F00D2}.Debug|Any CPU.Build.0 = Debug|Any CPU
		{593EB12A-35E1-49F7-AE23-2EC3246F00D2}.Release|Any CPU.ActiveCfg = Release|Any CPU
		{593EB12A-35E1-49F7-AE23-2EC3246F00D2}.Release|Any CPU.Build.0 = Release|Any CPU
		{51F23EA5-7339-4774-B215-55AC06286FA5}.Debug|Any CPU.ActiveCfg = Debug|Any CPU
		{51F23EA5-7339-4774-B215-55AC06286FA5}.Debug|Any CPU.Build.0 = Debug|Any CPU
		{51F23EA5-7339-4774-B215-55AC06286FA5}.Release|Any CPU.ActiveCfg = Release|Any CPU
		{51F23EA5-7339-4774-B215-55AC06286FA5}.Release|Any CPU.Build.0 = Release|Any CPU
		{BA08E630-DF6F-4C41-92F0-83EC17653C93}.Debug|Any CPU.ActiveCfg = Debug|Any CPU
		{BA08E630-DF6F-4C41-92F0-83EC17653C93}.Debug|Any CPU.Build.0 = Debug|Any CPU
		{BA08E630-DF6F-4C41-92F0-83EC17653C93}.Release|Any CPU.ActiveCfg = Release|Any CPU
		{BA08E630-DF6F-4C41-92F0-83EC17653C93}.Release|Any CPU.Build.0 = Release|Any CPU
	EndGlobalSection
	GlobalSection(SolutionProperties) = preSolution
		HideSolutionNode = FALSE
	EndGlobalSection
	GlobalSection(ExtensibilityGlobals) = postSolution
		SolutionGuid = {F5DDD821-BE09-4084-8422-FDDD90795DDE}
	EndGlobalSection
EndGlobal
