
Microsoft Visual Studio Solution File, Format Version 12.00
# Visual Studio Version 17
VisualStudioVersion = 17.0.31903.59
MinimumVisualStudioVersion = 10.0.40219.1
Project("{2150E333-8FDC-42A3-9474-1A3956D46DE8}") = "Application", "Application", "{631F494D-9DFB-42A7-84C7-270C95B7EC2E}"
EndProject
Project("{2150E333-8FDC-42A3-9474-1A3956D46DE8}") = "Infrastructure", "Infrastructure", "{03CF2756-3B2A-4007-B4CA-2D3081F13C09}"
EndProject
Project("{9A19103F-16F7-4668-BE54-9A1E7A4F7556}") = "NetPro.Utility", "Library\NetPro.Utility\NetPro.Utility.csproj", "{6224C484-3E23-4F06-A749-195C1E478116}"
EndProject
Project("{9A19103F-16F7-4668-BE54-9A1E7A4F7556}") = "NetPro.Web.Api", "Library\NetPro.Web.Api\NetPro.Web.Api.csproj", "{6224C484-3E23-4F06-A749-195C1E478115}"
EndProject
Project("{9A19103F-16F7-4668-BE54-9A1E7A4F7556}") = "NetPro.MongoDb", "Library\NetPro.MongoDb\NetPro.MongoDb.csproj", "{6224C484-3E23-4F06-A749-195C1E478117}"
EndProject
Project("{9A19103F-16F7-4668-BE54-9A1E7A4F7556}") = "NetPro.RabbitMQ", "Library\NetPro.RabbitMQ\NetPro.RabbitMQ.csproj", "{331019B0-9170-4F31-9D93-283C6FA5F470}"
EndProject
Project("{9A19103F-16F7-4668-BE54-9A1E7A4F7556}") = "NetPro.Checker", "Library\NetPro.Checker\NetPro.Checker.csproj", "{3D7E245E-590C-479C-850F-5572110B7DF9}"
EndProject
Project("{9A19103F-16F7-4668-BE54-9A1E7A4F7556}") = "NetPro.RedisManager", "Library\NetPro.RedisManager\NetPro.RedisManager.csproj", "{084C5E49-E1CC-4B65-81F0-BA83EF472C2F}"
EndProject
Project("{2150E333-8FDC-42A3-9474-1A3956D46DE8}") = "Test", "Test", "{FF4C78A3-7DBC-445E-B836-E7835F25B2BC}"
EndProject
Project("{9A19103F-16F7-4668-BE54-9A1E7A4F7556}") = "TestConsole", "Test\TestConsole\TestConsole.csproj", "{4C262888-148A-46A4-A4A1-5D88C7419B9E}"
EndProject
Project("{9A19103F-16F7-4668-BE54-9A1E7A4F7556}") = "NetPro.Sign", "Library\NetPro.Sign\NetPro.Sign.csproj", "{1823E386-8999-48F4-92F3-E7B5288C8247}"
EndProject
Project("{9A19103F-16F7-4668-BE54-9A1E7A4F7556}") = "NetPro.Swagger", "Library\NetPro.Swagger\NetPro.Swagger.csproj", "{A43C89E3-42AC-412C-BD9A-2972D5E7428E}"
EndProject
Project("{9A19103F-16F7-4668-BE54-9A1E7A4F7556}") = "NetPro.ResponseCache", "Library\NetPro.ResponseCache\NetPro.ResponseCache.csproj", "{E42E1369-22A5-4B66-8662-E260CD1E8818}"
EndProject
Project("{9A19103F-16F7-4668-BE54-9A1E7A4F7556}") = "NetPro.TypeFinder", "Library\NetPro.TypeFinder\NetPro.TypeFinder.csproj", "{58F0111B-3C90-48C2-B13D-9BF5F5F6BFCD}"
EndProject
Project("{9A19103F-16F7-4668-BE54-9A1E7A4F7556}") = "NetPro.ShareRequestBody", "Library\NetPro.ShareRequestData\NetPro.ShareRequestBody.csproj", "{F8499204-8BE8-47C7-8672-DB16DA8DE4DD}"
EndProject
Project("{9A19103F-16F7-4668-BE54-9A1E7A4F7556}") = "NetPro.Authentication", "Library\NetPro.Authentication\NetPro.Authentication.csproj", "{F998FFC8-E696-419F-91A5-1023AF0D471C}"
EndProject
Project("{9A19103F-16F7-4668-BE54-9A1E7A4F7556}") = "NetPro.Analysic", "Library\NetPro.Analysic\NetPro.Analysic.csproj", "{5778ADAE-C4B2-4E51-B3BC-716C0246F8FA}"
EndProject
Project("{9A19103F-16F7-4668-BE54-9A1E7A4F7556}") = "UnitTest.StackExchangeRedis", "Test\UnitTest.StackExchangeRedis\UnitTest.StackExchangeRedis.csproj", "{5B0E4122-975D-4567-B56B-A67F511ED937}"
EndProject
Project("{9A19103F-16F7-4668-BE54-9A1E7A4F7556}") = "NetPro.StackExchange.Redis", "Library\NetPro.StackExchange.Redis\NetPro.StackExchange.Redis.csproj", "{2B4174DD-AC5A-4F8A-8326-A118D2B00E97}"
EndProject
Project("{9A19103F-16F7-4668-BE54-9A1E7A4F7556}") = "NetPro.CsRedis", "Library\NetPro.CsRedis\NetPro.CsRedis.csproj", "{2DF334A4-7F70-4EED-8C6B-64FB72576A22}"
EndProject
Project("{9A19103F-16F7-4668-BE54-9A1E7A4F7556}") = "NetPro.Proxy", "Library\NetPro.Proxy\NetPro.Proxy.csproj", "{6EFA157B-97F0-4048-B76E-B370CEA0D314}"
EndProject
Project("{9A19103F-16F7-4668-BE54-9A1E7A4F7556}") = "NetPro.ResponseResult", "Library\NetPro.ResponseResult\NetPro.ResponseResult.csproj", "{9127E7F2-1D48-460E-87FC-8337E793AFA4}"
EndProject
Project("{9A19103F-16F7-4668-BE54-9A1E7A4F7556}") = "NetPro.Globalization", "Library\NetPro.Globalization\NetPro.Globalization.csproj", "{6BE06FC3-74E0-4D59-88D9-293A63055815}"
EndProject
Project("{9A19103F-16F7-4668-BE54-9A1E7A4F7556}") = "NetPro.Grpc", "Library\NetPro.Grpc\NetPro.Grpc.csproj", "{D6203123-4FB7-494A-8D58-F829B42957BC}"
EndProject
Project("{2150E333-8FDC-42A3-9474-1A3956D46DE8}") = "SolutionItem", "SolutionItem", "{59336CF6-1D7C-423A-A390-C8DB8BF68B9B}"
	ProjectSection(SolutionItems) = preProject
		..\_config.yml = ..\_config.yml
		..\Directory.Build.props = ..\Directory.Build.props
		..\docker-compose.yml = ..\docker-compose.yml
		..\.github\workflows\dotnetcore.yml = ..\.github\workflows\dotnetcore.yml
		..\global.json = ..\global.json
		Template\API\NetProApi.nuspec = Template\API\NetProApi.nuspec
		NuGet.config = NuGet.config
		Push Nuget.ps1 = Push Nuget.ps1
		..\README.md = ..\README.md
		rundocker.ps1 = rundocker.ps1
		..\tye.yaml = ..\tye.yaml
	EndProjectSection
EndProject
Project("{9A19103F-16F7-4668-BE54-9A1E7A4F7556}") = "NetPro.Startup", "Library\NetPro.Startup\NetPro.Startup.csproj", "{2F2C6E21-4337-4387-8C17-2A2B4F862C91}"
EndProject
Project("{2150E333-8FDC-42A3-9474-1A3956D46DE8}") = "Template", "Template", "{B28CDE4E-E1E6-4962-A42E-B2EBF06835F1}"
EndProject
Project("{2150E333-8FDC-42A3-9474-1A3956D46DE8}") = "API", "API", "{6FF77493-DCAA-4305-84A6-41726FB6412B}"
EndProject
Project("{2150E333-8FDC-42A3-9474-1A3956D46DE8}") = "gRPC", "gRPC", "{402854B2-A0D9-4CDC-9579-3A02813FE3FE}"
EndProject
Project("{9A19103F-16F7-4668-BE54-9A1E7A4F7556}") = "XXX.GrpcServer", "Template\gRPC\Content\src\XXX.GrpcServer\XXX.GrpcServer.csproj", "{B1F239D1-C004-4CBC-BD87-43951892F1FF}"
EndProject
Project("{9A19103F-16F7-4668-BE54-9A1E7A4F7556}") = "NetPro.Cors", "Library\NetPro.Cors\NetPro.Cors.csproj", "{DEDA7E3E-B184-46D9-A646-A9C02FF24C12}"
EndProject
Project("{9A19103F-16F7-4668-BE54-9A1E7A4F7556}") = "NetPro.ConsulClient", "Library\NetPro.ConsulClient\NetPro.ConsulClient.csproj", "{4BC99ADA-F658-43AB-BAE4-9DDB80CCC64C}"
EndProject
Project("{9A19103F-16F7-4668-BE54-9A1E7A4F7556}") = "NetPro.MQTTClient", "Library\NetPro.MQTTClient\NetPro.MQTTClient.csproj", "{BE85167A-DE0C-410B-AC2C-373BB8E9F55C}"
EndProject
Project("{9A19103F-16F7-4668-BE54-9A1E7A4F7556}") = "XXX.API", "sample\XXX.API\XXX.API.csproj", "{3CF13137-6249-4723-AC2C-E4AA3964582C}"
EndProject
Project("{9A19103F-16F7-4668-BE54-9A1E7A4F7556}") = "XXX.Plugin.FreeSql", "sample\XXX.Plugin.FreeSql\XXX.Plugin.FreeSql.csproj", "{7CA8B477-331A-4D9A-AB31-24B84D894C2C}"
EndProject
Project("{9A19103F-16F7-4668-BE54-9A1E7A4F7556}") = "XXX.Plugin.MediatR", "sample\XXX.Plugin.MediatR\XXX.Plugin.MediatR.csproj", "{B32723B7-E981-409A-948D-A6E7C2DC0267}"
EndProject
Project("{9A19103F-16F7-4668-BE54-9A1E7A4F7556}") = "XXX.Plugin.MongoDB", "sample\XXX.Plugin.MongoDB\XXX.Plugin.MongoDB.csproj", "{A423CEFB-6396-4B72-833B-D7766855B3C9}"
EndProject
Project("{9A19103F-16F7-4668-BE54-9A1E7A4F7556}") = "XXX.Plugin.Redis", "sample\XXX.Plugin.Redis\XXX.Plugin.Redis.csproj", "{7606DB9B-20CD-4025-9605-D26190EE4AA4}"
EndProject
Project("{9A19103F-16F7-4668-BE54-9A1E7A4F7556}") = "XXX.Plugin.ZeroMQ", "sample\XXX.Plugin.ZeroMQ\XXX.Plugin.ZeroMQ.csproj", "{42F1E90D-73AB-4C97-BEC0-AC373489D0CD}"
EndProject
Project("{9A19103F-16F7-4668-BE54-9A1E7A4F7556}") = "XXX.Plugin.MQTTServer", "sample\XXX.Plugin.MQTTServer\XXX.Plugin.MQTTServer.csproj", "{07741184-F09D-4993-9AE3-1BC47718640A}"
EndProject
Project("{9A19103F-16F7-4668-BE54-9A1E7A4F7556}") = "XXX.Plugin.EasyNetQ", "sample\XXX.Plugin.EasyNetQ\XXX.Plugin.EasyNetQ.csproj", "{20509644-25DB-4CCD-8FB7-40D8BBD90ED2}"
EndProject
Project("{9A19103F-16F7-4668-BE54-9A1E7A4F7556}") = "NetPro.EasyNetQ", "Library\NetPro.EasyNetQ\NetPro.EasyNetQ.csproj", "{6AAC39A2-3F5E-4E85-9DAB-A997F1D43372}"
EndProject
Project("{9A19103F-16F7-4668-BE54-9A1E7A4F7556}") = "XXX.Plugin.Tdengine", "sample\XXX.Plugin.Tdengine\XXX.Plugin.Tdengine.csproj", "{411A1D71-4220-4CE6-A1AC-4F9847A14256}"
EndProject
Project("{9A19103F-16F7-4668-BE54-9A1E7A4F7556}") = "NetPro.AutoMapper", "Library\NetPro.AutoMapper\NetPro.AutoMapper.csproj", "{E375554B-6235-40D2-AF46-1636E24B5049}"
EndProject
Project("{9A19103F-16F7-4668-BE54-9A1E7A4F7556}") = "XXX30.API", "Test\XXX30.API\XXX30.API.csproj", "{22F788DB-89D7-4A00-B659-2C70F314BA59}"
EndProject
Project("{9A19103F-16F7-4668-BE54-9A1E7A4F7556}") = "NetPro.Tdengine", "Library\NetPro.Tdengine\NetPro.Tdengine.csproj", "{6BF310D3-8ED6-474D-9AD4-81CD9DC15668}"
EndProject
Project("{9A19103F-16F7-4668-BE54-9A1E7A4F7556}") = "NetPro.Taos", "Library\NetPro.Taos\NetPro.Taos.csproj", "{9B2666BE-E51D-46ED-9E73-83F693C6E5B3}"
EndProject
Project("{9A19103F-16F7-4668-BE54-9A1E7A4F7556}") = "NetPro.ZeroMQ", "Library\NetPro.ZeroMQ\NetPro.ZeroMQ.csproj", "{E2417DF5-2173-4E58-A4ED-C0FA7D61841E}"
EndProject
Project("{9A19103F-16F7-4668-BE54-9A1E7A4F7556}") = "Consul.AspNetCore", "Library\Consul.AspNetCore\Consul.AspNetCore.csproj", "{C12E29A2-3B8A-4EA7-A591-3E6BB8A26764}"
EndProject
Project("{9A19103F-16F7-4668-BE54-9A1E7A4F7556}") = "XXX60.API", "Test\XXX60.API\XXX60.API.csproj", "{1C9D7CBF-9A3B-4FB8-955C-D1521587098A}"
EndProject
Project("{9A19103F-16F7-4668-BE54-9A1E7A4F7556}") = "NetPro.Prometheus", "Library\NetPro.Prometheus\NetPro.Prometheus.csproj", "{58B7AB1B-77D9-4AB3-9027-A1E031669690}"
EndProject
Project("{9A19103F-16F7-4668-BE54-9A1E7A4F7556}") = "Native", "Test\Native\Native.csproj", "{30D5E362-33C7-4DFE-9AB8-E0F079E58FA8}"
EndProject
Project("{9A19103F-16F7-4668-BE54-9A1E7A4F7556}") = "NetPro.FreeRedis", "Library\NetPro.FreeRedis\NetPro.FreeRedis.csproj", "{505435B1-26F6-49C4-A871-518514A76DEB}"
EndProject
Project("{9A19103F-16F7-4668-BE54-9A1E7A4F7556}") = "XXX.Plugin.FreeRedis", "sample\XXX.Plugin.FreeRedis\XXX.Plugin.FreeRedis.csproj", "{B41A7C4F-A654-4C5E-984F-91B975B6FEA8}"
EndProject
Project("{9A19103F-16F7-4668-BE54-9A1E7A4F7556}") = "NetPro.Dependency", "Library\NetPro.Dependency\NetPro.Dependency.csproj", "{7E41330D-9BC4-4D0A-9180-E1F0DA9774F5}"
EndProject
Project("{9A19103F-16F7-4668-BE54-9A1E7A4F7556}") = "NetPro.Serilog", "Library\NetPro.Serilog\NetPro.Serilog.csproj", "{AF13EA5F-1F01-4350-89B2-6AFA1AC701CC}"
EndProject
Project("{9A19103F-16F7-4668-BE54-9A1E7A4F7556}") = "Localization.SqlLocalizer", "Library\Localization.SqlLocalizer\Localization.SqlLocalizer.csproj", "{4601E9CF-F45D-46DA-8CAF-49C3D8712065}"
EndProject
Project("{9A19103F-16F7-4668-BE54-9A1E7A4F7556}") = "XXX", "Template\API\Content\src\XXX\XXX.csproj", "{5217E52F-4C0C-4995-8B3C-6D03ADBE90F3}"
EndProject
Global
	GlobalSection(SolutionConfigurationPlatforms) = preSolution
		Debug|Any CPU = Debug|Any CPU
		Debug|x64 = Debug|x64
		Debug|x86 = Debug|x86
		Release|Any CPU = Release|Any CPU
		Release|x64 = Release|x64
		Release|x86 = Release|x86
	EndGlobalSection
	GlobalSection(ProjectConfigurationPlatforms) = postSolution
		{6224C484-3E23-4F06-A749-195C1E478116}.Debug|Any CPU.ActiveCfg = Debug|Any CPU
		{6224C484-3E23-4F06-A749-195C1E478116}.Debug|Any CPU.Build.0 = Debug|Any CPU
		{6224C484-3E23-4F06-A749-195C1E478116}.Debug|x64.ActiveCfg = Debug|Any CPU
		{6224C484-3E23-4F06-A749-195C1E478116}.Debug|x64.Build.0 = Debug|Any CPU
		{6224C484-3E23-4F06-A749-195C1E478116}.Debug|x86.ActiveCfg = Debug|Any CPU
		{6224C484-3E23-4F06-A749-195C1E478116}.Debug|x86.Build.0 = Debug|Any CPU
		{6224C484-3E23-4F06-A749-195C1E478116}.Release|Any CPU.ActiveCfg = Release|Any CPU
		{6224C484-3E23-4F06-A749-195C1E478116}.Release|Any CPU.Build.0 = Release|Any CPU
		{6224C484-3E23-4F06-A749-195C1E478116}.Release|x64.ActiveCfg = Release|Any CPU
		{6224C484-3E23-4F06-A749-195C1E478116}.Release|x64.Build.0 = Release|Any CPU
		{6224C484-3E23-4F06-A749-195C1E478116}.Release|x86.ActiveCfg = Release|Any CPU
		{6224C484-3E23-4F06-A749-195C1E478116}.Release|x86.Build.0 = Release|Any CPU
		{6224C484-3E23-4F06-A749-195C1E478115}.Debug|Any CPU.ActiveCfg = Debug|Any CPU
		{6224C484-3E23-4F06-A749-195C1E478115}.Debug|Any CPU.Build.0 = Debug|Any CPU
		{6224C484-3E23-4F06-A749-195C1E478115}.Debug|x64.ActiveCfg = Debug|Any CPU
		{6224C484-3E23-4F06-A749-195C1E478115}.Debug|x64.Build.0 = Debug|Any CPU
		{6224C484-3E23-4F06-A749-195C1E478115}.Debug|x86.ActiveCfg = Debug|Any CPU
		{6224C484-3E23-4F06-A749-195C1E478115}.Debug|x86.Build.0 = Debug|Any CPU
		{6224C484-3E23-4F06-A749-195C1E478115}.Release|Any CPU.ActiveCfg = Release|Any CPU
		{6224C484-3E23-4F06-A749-195C1E478115}.Release|Any CPU.Build.0 = Release|Any CPU
		{6224C484-3E23-4F06-A749-195C1E478115}.Release|x64.ActiveCfg = Release|Any CPU
		{6224C484-3E23-4F06-A749-195C1E478115}.Release|x64.Build.0 = Release|Any CPU
		{6224C484-3E23-4F06-A749-195C1E478115}.Release|x86.ActiveCfg = Release|Any CPU
		{6224C484-3E23-4F06-A749-195C1E478115}.Release|x86.Build.0 = Release|Any CPU
		{6224C484-3E23-4F06-A749-195C1E478117}.Debug|Any CPU.ActiveCfg = Debug|Any CPU
		{6224C484-3E23-4F06-A749-195C1E478117}.Debug|Any CPU.Build.0 = Debug|Any CPU
		{6224C484-3E23-4F06-A749-195C1E478117}.Debug|x64.ActiveCfg = Debug|Any CPU
		{6224C484-3E23-4F06-A749-195C1E478117}.Debug|x64.Build.0 = Debug|Any CPU
		{6224C484-3E23-4F06-A749-195C1E478117}.Debug|x86.ActiveCfg = Debug|Any CPU
		{6224C484-3E23-4F06-A749-195C1E478117}.Debug|x86.Build.0 = Debug|Any CPU
		{6224C484-3E23-4F06-A749-195C1E478117}.Release|Any CPU.ActiveCfg = Release|Any CPU
		{6224C484-3E23-4F06-A749-195C1E478117}.Release|Any CPU.Build.0 = Release|Any CPU
		{6224C484-3E23-4F06-A749-195C1E478117}.Release|x64.ActiveCfg = Release|Any CPU
		{6224C484-3E23-4F06-A749-195C1E478117}.Release|x64.Build.0 = Release|Any CPU
		{6224C484-3E23-4F06-A749-195C1E478117}.Release|x86.ActiveCfg = Release|Any CPU
		{6224C484-3E23-4F06-A749-195C1E478117}.Release|x86.Build.0 = Release|Any CPU
		{331019B0-9170-4F31-9D93-283C6FA5F470}.Debug|Any CPU.ActiveCfg = Debug|Any CPU
		{331019B0-9170-4F31-9D93-283C6FA5F470}.Debug|Any CPU.Build.0 = Debug|Any CPU
		{331019B0-9170-4F31-9D93-283C6FA5F470}.Debug|x64.ActiveCfg = Debug|Any CPU
		{331019B0-9170-4F31-9D93-283C6FA5F470}.Debug|x64.Build.0 = Debug|Any CPU
		{331019B0-9170-4F31-9D93-283C6FA5F470}.Debug|x86.ActiveCfg = Debug|Any CPU
		{331019B0-9170-4F31-9D93-283C6FA5F470}.Debug|x86.Build.0 = Debug|Any CPU
		{331019B0-9170-4F31-9D93-283C6FA5F470}.Release|Any CPU.ActiveCfg = Release|Any CPU
		{331019B0-9170-4F31-9D93-283C6FA5F470}.Release|Any CPU.Build.0 = Release|Any CPU
		{331019B0-9170-4F31-9D93-283C6FA5F470}.Release|x64.ActiveCfg = Release|Any CPU
		{331019B0-9170-4F31-9D93-283C6FA5F470}.Release|x64.Build.0 = Release|Any CPU
		{331019B0-9170-4F31-9D93-283C6FA5F470}.Release|x86.ActiveCfg = Release|Any CPU
		{331019B0-9170-4F31-9D93-283C6FA5F470}.Release|x86.Build.0 = Release|Any CPU
		{3D7E245E-590C-479C-850F-5572110B7DF9}.Debug|Any CPU.ActiveCfg = Debug|Any CPU
		{3D7E245E-590C-479C-850F-5572110B7DF9}.Debug|Any CPU.Build.0 = Debug|Any CPU
		{3D7E245E-590C-479C-850F-5572110B7DF9}.Debug|x64.ActiveCfg = Debug|Any CPU
		{3D7E245E-590C-479C-850F-5572110B7DF9}.Debug|x64.Build.0 = Debug|Any CPU
		{3D7E245E-590C-479C-850F-5572110B7DF9}.Debug|x86.ActiveCfg = Debug|Any CPU
		{3D7E245E-590C-479C-850F-5572110B7DF9}.Debug|x86.Build.0 = Debug|Any CPU
		{3D7E245E-590C-479C-850F-5572110B7DF9}.Release|Any CPU.ActiveCfg = Release|Any CPU
		{3D7E245E-590C-479C-850F-5572110B7DF9}.Release|Any CPU.Build.0 = Release|Any CPU
		{3D7E245E-590C-479C-850F-5572110B7DF9}.Release|x64.ActiveCfg = Release|Any CPU
		{3D7E245E-590C-479C-850F-5572110B7DF9}.Release|x64.Build.0 = Release|Any CPU
		{3D7E245E-590C-479C-850F-5572110B7DF9}.Release|x86.ActiveCfg = Release|Any CPU
		{3D7E245E-590C-479C-850F-5572110B7DF9}.Release|x86.Build.0 = Release|Any CPU
		{084C5E49-E1CC-4B65-81F0-BA83EF472C2F}.Debug|Any CPU.ActiveCfg = Debug|Any CPU
		{084C5E49-E1CC-4B65-81F0-BA83EF472C2F}.Debug|Any CPU.Build.0 = Debug|Any CPU
		{084C5E49-E1CC-4B65-81F0-BA83EF472C2F}.Debug|x64.ActiveCfg = Debug|Any CPU
		{084C5E49-E1CC-4B65-81F0-BA83EF472C2F}.Debug|x64.Build.0 = Debug|Any CPU
		{084C5E49-E1CC-4B65-81F0-BA83EF472C2F}.Debug|x86.ActiveCfg = Debug|Any CPU
		{084C5E49-E1CC-4B65-81F0-BA83EF472C2F}.Debug|x86.Build.0 = Debug|Any CPU
		{084C5E49-E1CC-4B65-81F0-BA83EF472C2F}.Release|Any CPU.ActiveCfg = Release|Any CPU
		{084C5E49-E1CC-4B65-81F0-BA83EF472C2F}.Release|Any CPU.Build.0 = Release|Any CPU
		{084C5E49-E1CC-4B65-81F0-BA83EF472C2F}.Release|x64.ActiveCfg = Release|Any CPU
		{084C5E49-E1CC-4B65-81F0-BA83EF472C2F}.Release|x64.Build.0 = Release|Any CPU
		{084C5E49-E1CC-4B65-81F0-BA83EF472C2F}.Release|x86.ActiveCfg = Release|Any CPU
		{084C5E49-E1CC-4B65-81F0-BA83EF472C2F}.Release|x86.Build.0 = Release|Any CPU
		{4C262888-148A-46A4-A4A1-5D88C7419B9E}.Debug|Any CPU.ActiveCfg = Debug|Any CPU
		{4C262888-148A-46A4-A4A1-5D88C7419B9E}.Debug|Any CPU.Build.0 = Debug|Any CPU
		{4C262888-148A-46A4-A4A1-5D88C7419B9E}.Debug|x64.ActiveCfg = Debug|Any CPU
		{4C262888-148A-46A4-A4A1-5D88C7419B9E}.Debug|x64.Build.0 = Debug|Any CPU
		{4C262888-148A-46A4-A4A1-5D88C7419B9E}.Debug|x86.ActiveCfg = Debug|Any CPU
		{4C262888-148A-46A4-A4A1-5D88C7419B9E}.Debug|x86.Build.0 = Debug|Any CPU
		{4C262888-148A-46A4-A4A1-5D88C7419B9E}.Release|Any CPU.ActiveCfg = Release|Any CPU
		{4C262888-148A-46A4-A4A1-5D88C7419B9E}.Release|Any CPU.Build.0 = Release|Any CPU
		{4C262888-148A-46A4-A4A1-5D88C7419B9E}.Release|x64.ActiveCfg = Release|Any CPU
		{4C262888-148A-46A4-A4A1-5D88C7419B9E}.Release|x64.Build.0 = Release|Any CPU
		{4C262888-148A-46A4-A4A1-5D88C7419B9E}.Release|x86.ActiveCfg = Release|Any CPU
		{4C262888-148A-46A4-A4A1-5D88C7419B9E}.Release|x86.Build.0 = Release|Any CPU
		{1823E386-8999-48F4-92F3-E7B5288C8247}.Debug|Any CPU.ActiveCfg = Debug|Any CPU
		{1823E386-8999-48F4-92F3-E7B5288C8247}.Debug|Any CPU.Build.0 = Debug|Any CPU
		{1823E386-8999-48F4-92F3-E7B5288C8247}.Debug|x64.ActiveCfg = Debug|Any CPU
		{1823E386-8999-48F4-92F3-E7B5288C8247}.Debug|x64.Build.0 = Debug|Any CPU
		{1823E386-8999-48F4-92F3-E7B5288C8247}.Debug|x86.ActiveCfg = Debug|Any CPU
		{1823E386-8999-48F4-92F3-E7B5288C8247}.Debug|x86.Build.0 = Debug|Any CPU
		{1823E386-8999-48F4-92F3-E7B5288C8247}.Release|Any CPU.ActiveCfg = Release|Any CPU
		{1823E386-8999-48F4-92F3-E7B5288C8247}.Release|Any CPU.Build.0 = Release|Any CPU
		{1823E386-8999-48F4-92F3-E7B5288C8247}.Release|x64.ActiveCfg = Release|Any CPU
		{1823E386-8999-48F4-92F3-E7B5288C8247}.Release|x64.Build.0 = Release|Any CPU
		{1823E386-8999-48F4-92F3-E7B5288C8247}.Release|x86.ActiveCfg = Release|Any CPU
		{1823E386-8999-48F4-92F3-E7B5288C8247}.Release|x86.Build.0 = Release|Any CPU
		{A43C89E3-42AC-412C-BD9A-2972D5E7428E}.Debug|Any CPU.ActiveCfg = Debug|Any CPU
		{A43C89E3-42AC-412C-BD9A-2972D5E7428E}.Debug|Any CPU.Build.0 = Debug|Any CPU
		{A43C89E3-42AC-412C-BD9A-2972D5E7428E}.Debug|x64.ActiveCfg = Debug|Any CPU
		{A43C89E3-42AC-412C-BD9A-2972D5E7428E}.Debug|x64.Build.0 = Debug|Any CPU
		{A43C89E3-42AC-412C-BD9A-2972D5E7428E}.Debug|x86.ActiveCfg = Debug|Any CPU
		{A43C89E3-42AC-412C-BD9A-2972D5E7428E}.Debug|x86.Build.0 = Debug|Any CPU
		{A43C89E3-42AC-412C-BD9A-2972D5E7428E}.Release|Any CPU.ActiveCfg = Release|Any CPU
		{A43C89E3-42AC-412C-BD9A-2972D5E7428E}.Release|Any CPU.Build.0 = Release|Any CPU
		{A43C89E3-42AC-412C-BD9A-2972D5E7428E}.Release|x64.ActiveCfg = Release|Any CPU
		{A43C89E3-42AC-412C-BD9A-2972D5E7428E}.Release|x64.Build.0 = Release|Any CPU
		{A43C89E3-42AC-412C-BD9A-2972D5E7428E}.Release|x86.ActiveCfg = Release|Any CPU
		{A43C89E3-42AC-412C-BD9A-2972D5E7428E}.Release|x86.Build.0 = Release|Any CPU
		{E42E1369-22A5-4B66-8662-E260CD1E8818}.Debug|Any CPU.ActiveCfg = Debug|Any CPU
		{E42E1369-22A5-4B66-8662-E260CD1E8818}.Debug|Any CPU.Build.0 = Debug|Any CPU
		{E42E1369-22A5-4B66-8662-E260CD1E8818}.Debug|x64.ActiveCfg = Debug|Any CPU
		{E42E1369-22A5-4B66-8662-E260CD1E8818}.Debug|x64.Build.0 = Debug|Any CPU
		{E42E1369-22A5-4B66-8662-E260CD1E8818}.Debug|x86.ActiveCfg = Debug|Any CPU
		{E42E1369-22A5-4B66-8662-E260CD1E8818}.Debug|x86.Build.0 = Debug|Any CPU
		{E42E1369-22A5-4B66-8662-E260CD1E8818}.Release|Any CPU.ActiveCfg = Release|Any CPU
		{E42E1369-22A5-4B66-8662-E260CD1E8818}.Release|Any CPU.Build.0 = Release|Any CPU
		{E42E1369-22A5-4B66-8662-E260CD1E8818}.Release|x64.ActiveCfg = Release|Any CPU
		{E42E1369-22A5-4B66-8662-E260CD1E8818}.Release|x64.Build.0 = Release|Any CPU
		{E42E1369-22A5-4B66-8662-E260CD1E8818}.Release|x86.ActiveCfg = Release|Any CPU
		{E42E1369-22A5-4B66-8662-E260CD1E8818}.Release|x86.Build.0 = Release|Any CPU
		{58F0111B-3C90-48C2-B13D-9BF5F5F6BFCD}.Debug|Any CPU.ActiveCfg = Debug|Any CPU
		{58F0111B-3C90-48C2-B13D-9BF5F5F6BFCD}.Debug|Any CPU.Build.0 = Debug|Any CPU
		{58F0111B-3C90-48C2-B13D-9BF5F5F6BFCD}.Debug|x64.ActiveCfg = Debug|Any CPU
		{58F0111B-3C90-48C2-B13D-9BF5F5F6BFCD}.Debug|x64.Build.0 = Debug|Any CPU
		{58F0111B-3C90-48C2-B13D-9BF5F5F6BFCD}.Debug|x86.ActiveCfg = Debug|Any CPU
		{58F0111B-3C90-48C2-B13D-9BF5F5F6BFCD}.Debug|x86.Build.0 = Debug|Any CPU
		{58F0111B-3C90-48C2-B13D-9BF5F5F6BFCD}.Release|Any CPU.ActiveCfg = Release|Any CPU
		{58F0111B-3C90-48C2-B13D-9BF5F5F6BFCD}.Release|Any CPU.Build.0 = Release|Any CPU
		{58F0111B-3C90-48C2-B13D-9BF5F5F6BFCD}.Release|x64.ActiveCfg = Release|Any CPU
		{58F0111B-3C90-48C2-B13D-9BF5F5F6BFCD}.Release|x64.Build.0 = Release|Any CPU
		{58F0111B-3C90-48C2-B13D-9BF5F5F6BFCD}.Release|x86.ActiveCfg = Release|Any CPU
		{58F0111B-3C90-48C2-B13D-9BF5F5F6BFCD}.Release|x86.Build.0 = Release|Any CPU
		{F8499204-8BE8-47C7-8672-DB16DA8DE4DD}.Debug|Any CPU.ActiveCfg = Debug|Any CPU
		{F8499204-8BE8-47C7-8672-DB16DA8DE4DD}.Debug|Any CPU.Build.0 = Debug|Any CPU
		{F8499204-8BE8-47C7-8672-DB16DA8DE4DD}.Debug|x64.ActiveCfg = Debug|Any CPU
		{F8499204-8BE8-47C7-8672-DB16DA8DE4DD}.Debug|x64.Build.0 = Debug|Any CPU
		{F8499204-8BE8-47C7-8672-DB16DA8DE4DD}.Debug|x86.ActiveCfg = Debug|Any CPU
		{F8499204-8BE8-47C7-8672-DB16DA8DE4DD}.Debug|x86.Build.0 = Debug|Any CPU
		{F8499204-8BE8-47C7-8672-DB16DA8DE4DD}.Release|Any CPU.ActiveCfg = Release|Any CPU
		{F8499204-8BE8-47C7-8672-DB16DA8DE4DD}.Release|Any CPU.Build.0 = Release|Any CPU
		{F8499204-8BE8-47C7-8672-DB16DA8DE4DD}.Release|x64.ActiveCfg = Release|Any CPU
		{F8499204-8BE8-47C7-8672-DB16DA8DE4DD}.Release|x64.Build.0 = Release|Any CPU
		{F8499204-8BE8-47C7-8672-DB16DA8DE4DD}.Release|x86.ActiveCfg = Release|Any CPU
		{F8499204-8BE8-47C7-8672-DB16DA8DE4DD}.Release|x86.Build.0 = Release|Any CPU
		{F998FFC8-E696-419F-91A5-1023AF0D471C}.Debug|Any CPU.ActiveCfg = Debug|Any CPU
		{F998FFC8-E696-419F-91A5-1023AF0D471C}.Debug|Any CPU.Build.0 = Debug|Any CPU
		{F998FFC8-E696-419F-91A5-1023AF0D471C}.Debug|x64.ActiveCfg = Debug|Any CPU
		{F998FFC8-E696-419F-91A5-1023AF0D471C}.Debug|x64.Build.0 = Debug|Any CPU
		{F998FFC8-E696-419F-91A5-1023AF0D471C}.Debug|x86.ActiveCfg = Debug|Any CPU
		{F998FFC8-E696-419F-91A5-1023AF0D471C}.Debug|x86.Build.0 = Debug|Any CPU
		{F998FFC8-E696-419F-91A5-1023AF0D471C}.Release|Any CPU.ActiveCfg = Release|Any CPU
		{F998FFC8-E696-419F-91A5-1023AF0D471C}.Release|Any CPU.Build.0 = Release|Any CPU
		{F998FFC8-E696-419F-91A5-1023AF0D471C}.Release|x64.ActiveCfg = Release|Any CPU
		{F998FFC8-E696-419F-91A5-1023AF0D471C}.Release|x64.Build.0 = Release|Any CPU
		{F998FFC8-E696-419F-91A5-1023AF0D471C}.Release|x86.ActiveCfg = Release|Any CPU
		{F998FFC8-E696-419F-91A5-1023AF0D471C}.Release|x86.Build.0 = Release|Any CPU
		{5778ADAE-C4B2-4E51-B3BC-716C0246F8FA}.Debug|Any CPU.ActiveCfg = Debug|Any CPU
		{5778ADAE-C4B2-4E51-B3BC-716C0246F8FA}.Debug|Any CPU.Build.0 = Debug|Any CPU
		{5778ADAE-C4B2-4E51-B3BC-716C0246F8FA}.Debug|x64.ActiveCfg = Debug|Any CPU
		{5778ADAE-C4B2-4E51-B3BC-716C0246F8FA}.Debug|x64.Build.0 = Debug|Any CPU
		{5778ADAE-C4B2-4E51-B3BC-716C0246F8FA}.Debug|x86.ActiveCfg = Debug|Any CPU
		{5778ADAE-C4B2-4E51-B3BC-716C0246F8FA}.Debug|x86.Build.0 = Debug|Any CPU
		{5778ADAE-C4B2-4E51-B3BC-716C0246F8FA}.Release|Any CPU.ActiveCfg = Release|Any CPU
		{5778ADAE-C4B2-4E51-B3BC-716C0246F8FA}.Release|Any CPU.Build.0 = Release|Any CPU
		{5778ADAE-C4B2-4E51-B3BC-716C0246F8FA}.Release|x64.ActiveCfg = Release|Any CPU
		{5778ADAE-C4B2-4E51-B3BC-716C0246F8FA}.Release|x64.Build.0 = Release|Any CPU
		{5778ADAE-C4B2-4E51-B3BC-716C0246F8FA}.Release|x86.ActiveCfg = Release|Any CPU
		{5778ADAE-C4B2-4E51-B3BC-716C0246F8FA}.Release|x86.Build.0 = Release|Any CPU
		{5B0E4122-975D-4567-B56B-A67F511ED937}.Debug|Any CPU.ActiveCfg = Debug|Any CPU
		{5B0E4122-975D-4567-B56B-A67F511ED937}.Debug|Any CPU.Build.0 = Debug|Any CPU
		{5B0E4122-975D-4567-B56B-A67F511ED937}.Debug|x64.ActiveCfg = Debug|Any CPU
		{5B0E4122-975D-4567-B56B-A67F511ED937}.Debug|x64.Build.0 = Debug|Any CPU
		{5B0E4122-975D-4567-B56B-A67F511ED937}.Debug|x86.ActiveCfg = Debug|Any CPU
		{5B0E4122-975D-4567-B56B-A67F511ED937}.Debug|x86.Build.0 = Debug|Any CPU
		{5B0E4122-975D-4567-B56B-A67F511ED937}.Release|Any CPU.ActiveCfg = Release|Any CPU
		{5B0E4122-975D-4567-B56B-A67F511ED937}.Release|Any CPU.Build.0 = Release|Any CPU
		{5B0E4122-975D-4567-B56B-A67F511ED937}.Release|x64.ActiveCfg = Release|Any CPU
		{5B0E4122-975D-4567-B56B-A67F511ED937}.Release|x64.Build.0 = Release|Any CPU
		{5B0E4122-975D-4567-B56B-A67F511ED937}.Release|x86.ActiveCfg = Release|Any CPU
		{5B0E4122-975D-4567-B56B-A67F511ED937}.Release|x86.Build.0 = Release|Any CPU
		{2B4174DD-AC5A-4F8A-8326-A118D2B00E97}.Debug|Any CPU.ActiveCfg = Debug|Any CPU
		{2B4174DD-AC5A-4F8A-8326-A118D2B00E97}.Debug|Any CPU.Build.0 = Debug|Any CPU
		{2B4174DD-AC5A-4F8A-8326-A118D2B00E97}.Debug|x64.ActiveCfg = Debug|Any CPU
		{2B4174DD-AC5A-4F8A-8326-A118D2B00E97}.Debug|x64.Build.0 = Debug|Any CPU
		{2B4174DD-AC5A-4F8A-8326-A118D2B00E97}.Debug|x86.ActiveCfg = Debug|Any CPU
		{2B4174DD-AC5A-4F8A-8326-A118D2B00E97}.Debug|x86.Build.0 = Debug|Any CPU
		{2B4174DD-AC5A-4F8A-8326-A118D2B00E97}.Release|Any CPU.ActiveCfg = Release|Any CPU
		{2B4174DD-AC5A-4F8A-8326-A118D2B00E97}.Release|Any CPU.Build.0 = Release|Any CPU
		{2B4174DD-AC5A-4F8A-8326-A118D2B00E97}.Release|x64.ActiveCfg = Release|Any CPU
		{2B4174DD-AC5A-4F8A-8326-A118D2B00E97}.Release|x64.Build.0 = Release|Any CPU
		{2B4174DD-AC5A-4F8A-8326-A118D2B00E97}.Release|x86.ActiveCfg = Release|Any CPU
		{2B4174DD-AC5A-4F8A-8326-A118D2B00E97}.Release|x86.Build.0 = Release|Any CPU
		{2DF334A4-7F70-4EED-8C6B-64FB72576A22}.Debug|Any CPU.ActiveCfg = Debug|Any CPU
		{2DF334A4-7F70-4EED-8C6B-64FB72576A22}.Debug|Any CPU.Build.0 = Debug|Any CPU
		{2DF334A4-7F70-4EED-8C6B-64FB72576A22}.Debug|x64.ActiveCfg = Debug|Any CPU
		{2DF334A4-7F70-4EED-8C6B-64FB72576A22}.Debug|x64.Build.0 = Debug|Any CPU
		{2DF334A4-7F70-4EED-8C6B-64FB72576A22}.Debug|x86.ActiveCfg = Debug|Any CPU
		{2DF334A4-7F70-4EED-8C6B-64FB72576A22}.Debug|x86.Build.0 = Debug|Any CPU
		{2DF334A4-7F70-4EED-8C6B-64FB72576A22}.Release|Any CPU.ActiveCfg = Release|Any CPU
		{2DF334A4-7F70-4EED-8C6B-64FB72576A22}.Release|Any CPU.Build.0 = Release|Any CPU
		{2DF334A4-7F70-4EED-8C6B-64FB72576A22}.Release|x64.ActiveCfg = Release|Any CPU
		{2DF334A4-7F70-4EED-8C6B-64FB72576A22}.Release|x64.Build.0 = Release|Any CPU
		{2DF334A4-7F70-4EED-8C6B-64FB72576A22}.Release|x86.ActiveCfg = Release|Any CPU
		{2DF334A4-7F70-4EED-8C6B-64FB72576A22}.Release|x86.Build.0 = Release|Any CPU
		{6EFA157B-97F0-4048-B76E-B370CEA0D314}.Debug|Any CPU.ActiveCfg = Debug|Any CPU
		{6EFA157B-97F0-4048-B76E-B370CEA0D314}.Debug|Any CPU.Build.0 = Debug|Any CPU
		{6EFA157B-97F0-4048-B76E-B370CEA0D314}.Debug|x64.ActiveCfg = Debug|Any CPU
		{6EFA157B-97F0-4048-B76E-B370CEA0D314}.Debug|x64.Build.0 = Debug|Any CPU
		{6EFA157B-97F0-4048-B76E-B370CEA0D314}.Debug|x86.ActiveCfg = Debug|Any CPU
		{6EFA157B-97F0-4048-B76E-B370CEA0D314}.Debug|x86.Build.0 = Debug|Any CPU
		{6EFA157B-97F0-4048-B76E-B370CEA0D314}.Release|Any CPU.ActiveCfg = Release|Any CPU
		{6EFA157B-97F0-4048-B76E-B370CEA0D314}.Release|Any CPU.Build.0 = Release|Any CPU
		{6EFA157B-97F0-4048-B76E-B370CEA0D314}.Release|x64.ActiveCfg = Release|Any CPU
		{6EFA157B-97F0-4048-B76E-B370CEA0D314}.Release|x64.Build.0 = Release|Any CPU
		{6EFA157B-97F0-4048-B76E-B370CEA0D314}.Release|x86.ActiveCfg = Release|Any CPU
		{6EFA157B-97F0-4048-B76E-B370CEA0D314}.Release|x86.Build.0 = Release|Any CPU
		{9127E7F2-1D48-460E-87FC-8337E793AFA4}.Debug|Any CPU.ActiveCfg = Debug|Any CPU
		{9127E7F2-1D48-460E-87FC-8337E793AFA4}.Debug|Any CPU.Build.0 = Debug|Any CPU
		{9127E7F2-1D48-460E-87FC-8337E793AFA4}.Debug|x64.ActiveCfg = Debug|Any CPU
		{9127E7F2-1D48-460E-87FC-8337E793AFA4}.Debug|x64.Build.0 = Debug|Any CPU
		{9127E7F2-1D48-460E-87FC-8337E793AFA4}.Debug|x86.ActiveCfg = Debug|Any CPU
		{9127E7F2-1D48-460E-87FC-8337E793AFA4}.Debug|x86.Build.0 = Debug|Any CPU
		{9127E7F2-1D48-460E-87FC-8337E793AFA4}.Release|Any CPU.ActiveCfg = Release|Any CPU
		{9127E7F2-1D48-460E-87FC-8337E793AFA4}.Release|Any CPU.Build.0 = Release|Any CPU
		{9127E7F2-1D48-460E-87FC-8337E793AFA4}.Release|x64.ActiveCfg = Release|Any CPU
		{9127E7F2-1D48-460E-87FC-8337E793AFA4}.Release|x64.Build.0 = Release|Any CPU
		{9127E7F2-1D48-460E-87FC-8337E793AFA4}.Release|x86.ActiveCfg = Release|Any CPU
		{9127E7F2-1D48-460E-87FC-8337E793AFA4}.Release|x86.Build.0 = Release|Any CPU
		{6BE06FC3-74E0-4D59-88D9-293A63055815}.Debug|Any CPU.ActiveCfg = Debug|Any CPU
		{6BE06FC3-74E0-4D59-88D9-293A63055815}.Debug|Any CPU.Build.0 = Debug|Any CPU
		{6BE06FC3-74E0-4D59-88D9-293A63055815}.Debug|x64.ActiveCfg = Debug|Any CPU
		{6BE06FC3-74E0-4D59-88D9-293A63055815}.Debug|x64.Build.0 = Debug|Any CPU
		{6BE06FC3-74E0-4D59-88D9-293A63055815}.Debug|x86.ActiveCfg = Debug|Any CPU
		{6BE06FC3-74E0-4D59-88D9-293A63055815}.Debug|x86.Build.0 = Debug|Any CPU
		{6BE06FC3-74E0-4D59-88D9-293A63055815}.Release|Any CPU.ActiveCfg = Release|Any CPU
		{6BE06FC3-74E0-4D59-88D9-293A63055815}.Release|Any CPU.Build.0 = Release|Any CPU
		{6BE06FC3-74E0-4D59-88D9-293A63055815}.Release|x64.ActiveCfg = Release|Any CPU
		{6BE06FC3-74E0-4D59-88D9-293A63055815}.Release|x64.Build.0 = Release|Any CPU
		{6BE06FC3-74E0-4D59-88D9-293A63055815}.Release|x86.ActiveCfg = Release|Any CPU
		{6BE06FC3-74E0-4D59-88D9-293A63055815}.Release|x86.Build.0 = Release|Any CPU
		{D6203123-4FB7-494A-8D58-F829B42957BC}.Debug|Any CPU.ActiveCfg = Debug|Any CPU
		{D6203123-4FB7-494A-8D58-F829B42957BC}.Debug|Any CPU.Build.0 = Debug|Any CPU
		{D6203123-4FB7-494A-8D58-F829B42957BC}.Debug|x64.ActiveCfg = Debug|Any CPU
		{D6203123-4FB7-494A-8D58-F829B42957BC}.Debug|x64.Build.0 = Debug|Any CPU
		{D6203123-4FB7-494A-8D58-F829B42957BC}.Debug|x86.ActiveCfg = Debug|Any CPU
		{D6203123-4FB7-494A-8D58-F829B42957BC}.Debug|x86.Build.0 = Debug|Any CPU
		{D6203123-4FB7-494A-8D58-F829B42957BC}.Release|Any CPU.ActiveCfg = Release|Any CPU
		{D6203123-4FB7-494A-8D58-F829B42957BC}.Release|Any CPU.Build.0 = Release|Any CPU
		{D6203123-4FB7-494A-8D58-F829B42957BC}.Release|x64.ActiveCfg = Release|Any CPU
		{D6203123-4FB7-494A-8D58-F829B42957BC}.Release|x64.Build.0 = Release|Any CPU
		{D6203123-4FB7-494A-8D58-F829B42957BC}.Release|x86.ActiveCfg = Release|Any CPU
		{D6203123-4FB7-494A-8D58-F829B42957BC}.Release|x86.Build.0 = Release|Any CPU
		{2F2C6E21-4337-4387-8C17-2A2B4F862C91}.Debug|Any CPU.ActiveCfg = Debug|Any CPU
		{2F2C6E21-4337-4387-8C17-2A2B4F862C91}.Debug|Any CPU.Build.0 = Debug|Any CPU
		{2F2C6E21-4337-4387-8C17-2A2B4F862C91}.Debug|x64.ActiveCfg = Debug|Any CPU
		{2F2C6E21-4337-4387-8C17-2A2B4F862C91}.Debug|x64.Build.0 = Debug|Any CPU
		{2F2C6E21-4337-4387-8C17-2A2B4F862C91}.Debug|x86.ActiveCfg = Debug|Any CPU
		{2F2C6E21-4337-4387-8C17-2A2B4F862C91}.Debug|x86.Build.0 = Debug|Any CPU
		{2F2C6E21-4337-4387-8C17-2A2B4F862C91}.Release|Any CPU.ActiveCfg = Release|Any CPU
		{2F2C6E21-4337-4387-8C17-2A2B4F862C91}.Release|Any CPU.Build.0 = Release|Any CPU
		{2F2C6E21-4337-4387-8C17-2A2B4F862C91}.Release|x64.ActiveCfg = Release|Any CPU
		{2F2C6E21-4337-4387-8C17-2A2B4F862C91}.Release|x64.Build.0 = Release|Any CPU
		{2F2C6E21-4337-4387-8C17-2A2B4F862C91}.Release|x86.ActiveCfg = Release|Any CPU
		{2F2C6E21-4337-4387-8C17-2A2B4F862C91}.Release|x86.Build.0 = Release|Any CPU
		{B1F239D1-C004-4CBC-BD87-43951892F1FF}.Debug|Any CPU.ActiveCfg = Debug|Any CPU
		{B1F239D1-C004-4CBC-BD87-43951892F1FF}.Debug|Any CPU.Build.0 = Debug|Any CPU
		{B1F239D1-C004-4CBC-BD87-43951892F1FF}.Debug|x64.ActiveCfg = Debug|Any CPU
		{B1F239D1-C004-4CBC-BD87-43951892F1FF}.Debug|x64.Build.0 = Debug|Any CPU
		{B1F239D1-C004-4CBC-BD87-43951892F1FF}.Debug|x86.ActiveCfg = Debug|Any CPU
		{B1F239D1-C004-4CBC-BD87-43951892F1FF}.Debug|x86.Build.0 = Debug|Any CPU
		{B1F239D1-C004-4CBC-BD87-43951892F1FF}.Release|Any CPU.ActiveCfg = Release|Any CPU
		{B1F239D1-C004-4CBC-BD87-43951892F1FF}.Release|Any CPU.Build.0 = Release|Any CPU
		{B1F239D1-C004-4CBC-BD87-43951892F1FF}.Release|x64.ActiveCfg = Release|Any CPU
		{B1F239D1-C004-4CBC-BD87-43951892F1FF}.Release|x64.Build.0 = Release|Any CPU
		{B1F239D1-C004-4CBC-BD87-43951892F1FF}.Release|x86.ActiveCfg = Release|Any CPU
		{B1F239D1-C004-4CBC-BD87-43951892F1FF}.Release|x86.Build.0 = Release|Any CPU
		{DEDA7E3E-B184-46D9-A646-A9C02FF24C12}.Debug|Any CPU.ActiveCfg = Debug|Any CPU
		{DEDA7E3E-B184-46D9-A646-A9C02FF24C12}.Debug|Any CPU.Build.0 = Debug|Any CPU
		{DEDA7E3E-B184-46D9-A646-A9C02FF24C12}.Debug|x64.ActiveCfg = Debug|Any CPU
		{DEDA7E3E-B184-46D9-A646-A9C02FF24C12}.Debug|x64.Build.0 = Debug|Any CPU
		{DEDA7E3E-B184-46D9-A646-A9C02FF24C12}.Debug|x86.ActiveCfg = Debug|Any CPU
		{DEDA7E3E-B184-46D9-A646-A9C02FF24C12}.Debug|x86.Build.0 = Debug|Any CPU
		{DEDA7E3E-B184-46D9-A646-A9C02FF24C12}.Release|Any CPU.ActiveCfg = Release|Any CPU
		{DEDA7E3E-B184-46D9-A646-A9C02FF24C12}.Release|Any CPU.Build.0 = Release|Any CPU
		{DEDA7E3E-B184-46D9-A646-A9C02FF24C12}.Release|x64.ActiveCfg = Release|Any CPU
		{DEDA7E3E-B184-46D9-A646-A9C02FF24C12}.Release|x64.Build.0 = Release|Any CPU
		{DEDA7E3E-B184-46D9-A646-A9C02FF24C12}.Release|x86.ActiveCfg = Release|Any CPU
		{DEDA7E3E-B184-46D9-A646-A9C02FF24C12}.Release|x86.Build.0 = Release|Any CPU
		{4BC99ADA-F658-43AB-BAE4-9DDB80CCC64C}.Debug|Any CPU.ActiveCfg = Debug|Any CPU
		{4BC99ADA-F658-43AB-BAE4-9DDB80CCC64C}.Debug|Any CPU.Build.0 = Debug|Any CPU
		{4BC99ADA-F658-43AB-BAE4-9DDB80CCC64C}.Debug|x64.ActiveCfg = Debug|Any CPU
		{4BC99ADA-F658-43AB-BAE4-9DDB80CCC64C}.Debug|x64.Build.0 = Debug|Any CPU
		{4BC99ADA-F658-43AB-BAE4-9DDB80CCC64C}.Debug|x86.ActiveCfg = Debug|Any CPU
		{4BC99ADA-F658-43AB-BAE4-9DDB80CCC64C}.Debug|x86.Build.0 = Debug|Any CPU
		{4BC99ADA-F658-43AB-BAE4-9DDB80CCC64C}.Release|Any CPU.ActiveCfg = Release|Any CPU
		{4BC99ADA-F658-43AB-BAE4-9DDB80CCC64C}.Release|Any CPU.Build.0 = Release|Any CPU
		{4BC99ADA-F658-43AB-BAE4-9DDB80CCC64C}.Release|x64.ActiveCfg = Release|Any CPU
		{4BC99ADA-F658-43AB-BAE4-9DDB80CCC64C}.Release|x64.Build.0 = Release|Any CPU
		{4BC99ADA-F658-43AB-BAE4-9DDB80CCC64C}.Release|x86.ActiveCfg = Release|Any CPU
		{4BC99ADA-F658-43AB-BAE4-9DDB80CCC64C}.Release|x86.Build.0 = Release|Any CPU
		{BE85167A-DE0C-410B-AC2C-373BB8E9F55C}.Debug|Any CPU.ActiveCfg = Debug|Any CPU
		{BE85167A-DE0C-410B-AC2C-373BB8E9F55C}.Debug|Any CPU.Build.0 = Debug|Any CPU
		{BE85167A-DE0C-410B-AC2C-373BB8E9F55C}.Debug|x64.ActiveCfg = Debug|Any CPU
		{BE85167A-DE0C-410B-AC2C-373BB8E9F55C}.Debug|x64.Build.0 = Debug|Any CPU
		{BE85167A-DE0C-410B-AC2C-373BB8E9F55C}.Debug|x86.ActiveCfg = Debug|Any CPU
		{BE85167A-DE0C-410B-AC2C-373BB8E9F55C}.Debug|x86.Build.0 = Debug|Any CPU
		{BE85167A-DE0C-410B-AC2C-373BB8E9F55C}.Release|Any CPU.ActiveCfg = Release|Any CPU
		{BE85167A-DE0C-410B-AC2C-373BB8E9F55C}.Release|Any CPU.Build.0 = Release|Any CPU
		{BE85167A-DE0C-410B-AC2C-373BB8E9F55C}.Release|x64.ActiveCfg = Release|Any CPU
		{BE85167A-DE0C-410B-AC2C-373BB8E9F55C}.Release|x64.Build.0 = Release|Any CPU
		{BE85167A-DE0C-410B-AC2C-373BB8E9F55C}.Release|x86.ActiveCfg = Release|Any CPU
		{BE85167A-DE0C-410B-AC2C-373BB8E9F55C}.Release|x86.Build.0 = Release|Any CPU
		{3CF13137-6249-4723-AC2C-E4AA3964582C}.Debug|Any CPU.ActiveCfg = Debug|Any CPU
		{3CF13137-6249-4723-AC2C-E4AA3964582C}.Debug|Any CPU.Build.0 = Debug|Any CPU
		{3CF13137-6249-4723-AC2C-E4AA3964582C}.Debug|x64.ActiveCfg = Debug|Any CPU
		{3CF13137-6249-4723-AC2C-E4AA3964582C}.Debug|x64.Build.0 = Debug|Any CPU
		{3CF13137-6249-4723-AC2C-E4AA3964582C}.Debug|x86.ActiveCfg = Debug|Any CPU
		{3CF13137-6249-4723-AC2C-E4AA3964582C}.Debug|x86.Build.0 = Debug|Any CPU
		{3CF13137-6249-4723-AC2C-E4AA3964582C}.Release|Any CPU.ActiveCfg = Release|Any CPU
		{3CF13137-6249-4723-AC2C-E4AA3964582C}.Release|Any CPU.Build.0 = Release|Any CPU
		{3CF13137-6249-4723-AC2C-E4AA3964582C}.Release|x64.ActiveCfg = Release|Any CPU
		{3CF13137-6249-4723-AC2C-E4AA3964582C}.Release|x64.Build.0 = Release|Any CPU
		{3CF13137-6249-4723-AC2C-E4AA3964582C}.Release|x86.ActiveCfg = Release|Any CPU
		{3CF13137-6249-4723-AC2C-E4AA3964582C}.Release|x86.Build.0 = Release|Any CPU
		{7CA8B477-331A-4D9A-AB31-24B84D894C2C}.Debug|Any CPU.ActiveCfg = Debug|Any CPU
		{7CA8B477-331A-4D9A-AB31-24B84D894C2C}.Debug|Any CPU.Build.0 = Debug|Any CPU
		{7CA8B477-331A-4D9A-AB31-24B84D894C2C}.Debug|x64.ActiveCfg = Debug|Any CPU
		{7CA8B477-331A-4D9A-AB31-24B84D894C2C}.Debug|x64.Build.0 = Debug|Any CPU
		{7CA8B477-331A-4D9A-AB31-24B84D894C2C}.Debug|x86.ActiveCfg = Debug|Any CPU
		{7CA8B477-331A-4D9A-AB31-24B84D894C2C}.Debug|x86.Build.0 = Debug|Any CPU
		{7CA8B477-331A-4D9A-AB31-24B84D894C2C}.Release|Any CPU.ActiveCfg = Release|Any CPU
		{7CA8B477-331A-4D9A-AB31-24B84D894C2C}.Release|Any CPU.Build.0 = Release|Any CPU
		{7CA8B477-331A-4D9A-AB31-24B84D894C2C}.Release|x64.ActiveCfg = Release|Any CPU
		{7CA8B477-331A-4D9A-AB31-24B84D894C2C}.Release|x64.Build.0 = Release|Any CPU
		{7CA8B477-331A-4D9A-AB31-24B84D894C2C}.Release|x86.ActiveCfg = Release|Any CPU
		{7CA8B477-331A-4D9A-AB31-24B84D894C2C}.Release|x86.Build.0 = Release|Any CPU
		{B32723B7-E981-409A-948D-A6E7C2DC0267}.Debug|Any CPU.ActiveCfg = Debug|Any CPU
		{B32723B7-E981-409A-948D-A6E7C2DC0267}.Debug|Any CPU.Build.0 = Debug|Any CPU
		{B32723B7-E981-409A-948D-A6E7C2DC0267}.Debug|x64.ActiveCfg = Debug|Any CPU
		{B32723B7-E981-409A-948D-A6E7C2DC0267}.Debug|x64.Build.0 = Debug|Any CPU
		{B32723B7-E981-409A-948D-A6E7C2DC0267}.Debug|x86.ActiveCfg = Debug|Any CPU
		{B32723B7-E981-409A-948D-A6E7C2DC0267}.Debug|x86.Build.0 = Debug|Any CPU
		{B32723B7-E981-409A-948D-A6E7C2DC0267}.Release|Any CPU.ActiveCfg = Release|Any CPU
		{B32723B7-E981-409A-948D-A6E7C2DC0267}.Release|Any CPU.Build.0 = Release|Any CPU
		{B32723B7-E981-409A-948D-A6E7C2DC0267}.Release|x64.ActiveCfg = Release|Any CPU
		{B32723B7-E981-409A-948D-A6E7C2DC0267}.Release|x64.Build.0 = Release|Any CPU
		{B32723B7-E981-409A-948D-A6E7C2DC0267}.Release|x86.ActiveCfg = Release|Any CPU
		{B32723B7-E981-409A-948D-A6E7C2DC0267}.Release|x86.Build.0 = Release|Any CPU
		{A423CEFB-6396-4B72-833B-D7766855B3C9}.Debug|Any CPU.ActiveCfg = Debug|Any CPU
		{A423CEFB-6396-4B72-833B-D7766855B3C9}.Debug|Any CPU.Build.0 = Debug|Any CPU
		{A423CEFB-6396-4B72-833B-D7766855B3C9}.Debug|x64.ActiveCfg = Debug|Any CPU
		{A423CEFB-6396-4B72-833B-D7766855B3C9}.Debug|x64.Build.0 = Debug|Any CPU
		{A423CEFB-6396-4B72-833B-D7766855B3C9}.Debug|x86.ActiveCfg = Debug|Any CPU
		{A423CEFB-6396-4B72-833B-D7766855B3C9}.Debug|x86.Build.0 = Debug|Any CPU
		{A423CEFB-6396-4B72-833B-D7766855B3C9}.Release|Any CPU.ActiveCfg = Release|Any CPU
		{A423CEFB-6396-4B72-833B-D7766855B3C9}.Release|Any CPU.Build.0 = Release|Any CPU
		{A423CEFB-6396-4B72-833B-D7766855B3C9}.Release|x64.ActiveCfg = Release|Any CPU
		{A423CEFB-6396-4B72-833B-D7766855B3C9}.Release|x64.Build.0 = Release|Any CPU
		{A423CEFB-6396-4B72-833B-D7766855B3C9}.Release|x86.ActiveCfg = Release|Any CPU
		{A423CEFB-6396-4B72-833B-D7766855B3C9}.Release|x86.Build.0 = Release|Any CPU
		{7606DB9B-20CD-4025-9605-D26190EE4AA4}.Debug|Any CPU.ActiveCfg = Debug|Any CPU
		{7606DB9B-20CD-4025-9605-D26190EE4AA4}.Debug|Any CPU.Build.0 = Debug|Any CPU
		{7606DB9B-20CD-4025-9605-D26190EE4AA4}.Debug|x64.ActiveCfg = Debug|Any CPU
		{7606DB9B-20CD-4025-9605-D26190EE4AA4}.Debug|x64.Build.0 = Debug|Any CPU
		{7606DB9B-20CD-4025-9605-D26190EE4AA4}.Debug|x86.ActiveCfg = Debug|Any CPU
		{7606DB9B-20CD-4025-9605-D26190EE4AA4}.Debug|x86.Build.0 = Debug|Any CPU
		{7606DB9B-20CD-4025-9605-D26190EE4AA4}.Release|Any CPU.ActiveCfg = Release|Any CPU
		{7606DB9B-20CD-4025-9605-D26190EE4AA4}.Release|Any CPU.Build.0 = Release|Any CPU
		{7606DB9B-20CD-4025-9605-D26190EE4AA4}.Release|x64.ActiveCfg = Release|Any CPU
		{7606DB9B-20CD-4025-9605-D26190EE4AA4}.Release|x64.Build.0 = Release|Any CPU
		{7606DB9B-20CD-4025-9605-D26190EE4AA4}.Release|x86.ActiveCfg = Release|Any CPU
		{7606DB9B-20CD-4025-9605-D26190EE4AA4}.Release|x86.Build.0 = Release|Any CPU
		{42F1E90D-73AB-4C97-BEC0-AC373489D0CD}.Debug|Any CPU.ActiveCfg = Debug|Any CPU
		{42F1E90D-73AB-4C97-BEC0-AC373489D0CD}.Debug|Any CPU.Build.0 = Debug|Any CPU
		{42F1E90D-73AB-4C97-BEC0-AC373489D0CD}.Debug|x64.ActiveCfg = Debug|Any CPU
		{42F1E90D-73AB-4C97-BEC0-AC373489D0CD}.Debug|x64.Build.0 = Debug|Any CPU
		{42F1E90D-73AB-4C97-BEC0-AC373489D0CD}.Debug|x86.ActiveCfg = Debug|Any CPU
		{42F1E90D-73AB-4C97-BEC0-AC373489D0CD}.Debug|x86.Build.0 = Debug|Any CPU
		{42F1E90D-73AB-4C97-BEC0-AC373489D0CD}.Release|Any CPU.ActiveCfg = Release|Any CPU
		{42F1E90D-73AB-4C97-BEC0-AC373489D0CD}.Release|Any CPU.Build.0 = Release|Any CPU
		{42F1E90D-73AB-4C97-BEC0-AC373489D0CD}.Release|x64.ActiveCfg = Release|Any CPU
		{42F1E90D-73AB-4C97-BEC0-AC373489D0CD}.Release|x64.Build.0 = Release|Any CPU
		{42F1E90D-73AB-4C97-BEC0-AC373489D0CD}.Release|x86.ActiveCfg = Release|Any CPU
		{42F1E90D-73AB-4C97-BEC0-AC373489D0CD}.Release|x86.Build.0 = Release|Any CPU
		{07741184-F09D-4993-9AE3-1BC47718640A}.Debug|Any CPU.ActiveCfg = Debug|Any CPU
		{07741184-F09D-4993-9AE3-1BC47718640A}.Debug|Any CPU.Build.0 = Debug|Any CPU
		{07741184-F09D-4993-9AE3-1BC47718640A}.Debug|x64.ActiveCfg = Debug|Any CPU
		{07741184-F09D-4993-9AE3-1BC47718640A}.Debug|x64.Build.0 = Debug|Any CPU
		{07741184-F09D-4993-9AE3-1BC47718640A}.Debug|x86.ActiveCfg = Debug|Any CPU
		{07741184-F09D-4993-9AE3-1BC47718640A}.Debug|x86.Build.0 = Debug|Any CPU
		{07741184-F09D-4993-9AE3-1BC47718640A}.Release|Any CPU.ActiveCfg = Release|Any CPU
		{07741184-F09D-4993-9AE3-1BC47718640A}.Release|Any CPU.Build.0 = Release|Any CPU
		{07741184-F09D-4993-9AE3-1BC47718640A}.Release|x64.ActiveCfg = Release|Any CPU
		{07741184-F09D-4993-9AE3-1BC47718640A}.Release|x64.Build.0 = Release|Any CPU
		{07741184-F09D-4993-9AE3-1BC47718640A}.Release|x86.ActiveCfg = Release|Any CPU
		{07741184-F09D-4993-9AE3-1BC47718640A}.Release|x86.Build.0 = Release|Any CPU
		{20509644-25DB-4CCD-8FB7-40D8BBD90ED2}.Debug|Any CPU.ActiveCfg = Debug|Any CPU
		{20509644-25DB-4CCD-8FB7-40D8BBD90ED2}.Debug|Any CPU.Build.0 = Debug|Any CPU
		{20509644-25DB-4CCD-8FB7-40D8BBD90ED2}.Debug|x64.ActiveCfg = Debug|Any CPU
		{20509644-25DB-4CCD-8FB7-40D8BBD90ED2}.Debug|x64.Build.0 = Debug|Any CPU
		{20509644-25DB-4CCD-8FB7-40D8BBD90ED2}.Debug|x86.ActiveCfg = Debug|Any CPU
		{20509644-25DB-4CCD-8FB7-40D8BBD90ED2}.Debug|x86.Build.0 = Debug|Any CPU
		{20509644-25DB-4CCD-8FB7-40D8BBD90ED2}.Release|Any CPU.ActiveCfg = Release|Any CPU
		{20509644-25DB-4CCD-8FB7-40D8BBD90ED2}.Release|Any CPU.Build.0 = Release|Any CPU
		{20509644-25DB-4CCD-8FB7-40D8BBD90ED2}.Release|x64.ActiveCfg = Release|Any CPU
		{20509644-25DB-4CCD-8FB7-40D8BBD90ED2}.Release|x64.Build.0 = Release|Any CPU
		{20509644-25DB-4CCD-8FB7-40D8BBD90ED2}.Release|x86.ActiveCfg = Release|Any CPU
		{20509644-25DB-4CCD-8FB7-40D8BBD90ED2}.Release|x86.Build.0 = Release|Any CPU
		{6AAC39A2-3F5E-4E85-9DAB-A997F1D43372}.Debug|Any CPU.ActiveCfg = Debug|Any CPU
		{6AAC39A2-3F5E-4E85-9DAB-A997F1D43372}.Debug|Any CPU.Build.0 = Debug|Any CPU
		{6AAC39A2-3F5E-4E85-9DAB-A997F1D43372}.Debug|x64.ActiveCfg = Debug|Any CPU
		{6AAC39A2-3F5E-4E85-9DAB-A997F1D43372}.Debug|x64.Build.0 = Debug|Any CPU
		{6AAC39A2-3F5E-4E85-9DAB-A997F1D43372}.Debug|x86.ActiveCfg = Debug|Any CPU
		{6AAC39A2-3F5E-4E85-9DAB-A997F1D43372}.Debug|x86.Build.0 = Debug|Any CPU
		{6AAC39A2-3F5E-4E85-9DAB-A997F1D43372}.Release|Any CPU.ActiveCfg = Release|Any CPU
		{6AAC39A2-3F5E-4E85-9DAB-A997F1D43372}.Release|Any CPU.Build.0 = Release|Any CPU
		{6AAC39A2-3F5E-4E85-9DAB-A997F1D43372}.Release|x64.ActiveCfg = Release|Any CPU
		{6AAC39A2-3F5E-4E85-9DAB-A997F1D43372}.Release|x64.Build.0 = Release|Any CPU
		{6AAC39A2-3F5E-4E85-9DAB-A997F1D43372}.Release|x86.ActiveCfg = Release|Any CPU
		{6AAC39A2-3F5E-4E85-9DAB-A997F1D43372}.Release|x86.Build.0 = Release|Any CPU
		{411A1D71-4220-4CE6-A1AC-4F9847A14256}.Debug|Any CPU.ActiveCfg = Debug|Any CPU
		{411A1D71-4220-4CE6-A1AC-4F9847A14256}.Debug|Any CPU.Build.0 = Debug|Any CPU
		{411A1D71-4220-4CE6-A1AC-4F9847A14256}.Debug|x64.ActiveCfg = Debug|Any CPU
		{411A1D71-4220-4CE6-A1AC-4F9847A14256}.Debug|x64.Build.0 = Debug|Any CPU
		{411A1D71-4220-4CE6-A1AC-4F9847A14256}.Debug|x86.ActiveCfg = Debug|Any CPU
		{411A1D71-4220-4CE6-A1AC-4F9847A14256}.Debug|x86.Build.0 = Debug|Any CPU
		{411A1D71-4220-4CE6-A1AC-4F9847A14256}.Release|Any CPU.ActiveCfg = Release|Any CPU
		{411A1D71-4220-4CE6-A1AC-4F9847A14256}.Release|Any CPU.Build.0 = Release|Any CPU
		{411A1D71-4220-4CE6-A1AC-4F9847A14256}.Release|x64.ActiveCfg = Release|Any CPU
		{411A1D71-4220-4CE6-A1AC-4F9847A14256}.Release|x64.Build.0 = Release|Any CPU
		{411A1D71-4220-4CE6-A1AC-4F9847A14256}.Release|x86.ActiveCfg = Release|Any CPU
		{411A1D71-4220-4CE6-A1AC-4F9847A14256}.Release|x86.Build.0 = Release|Any CPU
		{E375554B-6235-40D2-AF46-1636E24B5049}.Debug|Any CPU.ActiveCfg = Debug|Any CPU
		{E375554B-6235-40D2-AF46-1636E24B5049}.Debug|Any CPU.Build.0 = Debug|Any CPU
		{E375554B-6235-40D2-AF46-1636E24B5049}.Debug|x64.ActiveCfg = Debug|Any CPU
		{E375554B-6235-40D2-AF46-1636E24B5049}.Debug|x64.Build.0 = Debug|Any CPU
		{E375554B-6235-40D2-AF46-1636E24B5049}.Debug|x86.ActiveCfg = Debug|Any CPU
		{E375554B-6235-40D2-AF46-1636E24B5049}.Debug|x86.Build.0 = Debug|Any CPU
		{E375554B-6235-40D2-AF46-1636E24B5049}.Release|Any CPU.ActiveCfg = Release|Any CPU
		{E375554B-6235-40D2-AF46-1636E24B5049}.Release|Any CPU.Build.0 = Release|Any CPU
		{E375554B-6235-40D2-AF46-1636E24B5049}.Release|x64.ActiveCfg = Release|Any CPU
		{E375554B-6235-40D2-AF46-1636E24B5049}.Release|x64.Build.0 = Release|Any CPU
		{E375554B-6235-40D2-AF46-1636E24B5049}.Release|x86.ActiveCfg = Release|Any CPU
		{E375554B-6235-40D2-AF46-1636E24B5049}.Release|x86.Build.0 = Release|Any CPU
		{22F788DB-89D7-4A00-B659-2C70F314BA59}.Debug|Any CPU.ActiveCfg = Debug|Any CPU
		{22F788DB-89D7-4A00-B659-2C70F314BA59}.Debug|Any CPU.Build.0 = Debug|Any CPU
		{22F788DB-89D7-4A00-B659-2C70F314BA59}.Debug|x64.ActiveCfg = Debug|Any CPU
		{22F788DB-89D7-4A00-B659-2C70F314BA59}.Debug|x64.Build.0 = Debug|Any CPU
		{22F788DB-89D7-4A00-B659-2C70F314BA59}.Debug|x86.ActiveCfg = Debug|Any CPU
		{22F788DB-89D7-4A00-B659-2C70F314BA59}.Debug|x86.Build.0 = Debug|Any CPU
		{22F788DB-89D7-4A00-B659-2C70F314BA59}.Release|Any CPU.ActiveCfg = Release|Any CPU
		{22F788DB-89D7-4A00-B659-2C70F314BA59}.Release|Any CPU.Build.0 = Release|Any CPU
		{22F788DB-89D7-4A00-B659-2C70F314BA59}.Release|x64.ActiveCfg = Release|Any CPU
		{22F788DB-89D7-4A00-B659-2C70F314BA59}.Release|x64.Build.0 = Release|Any CPU
		{22F788DB-89D7-4A00-B659-2C70F314BA59}.Release|x86.ActiveCfg = Release|Any CPU
		{22F788DB-89D7-4A00-B659-2C70F314BA59}.Release|x86.Build.0 = Release|Any CPU
		{6BF310D3-8ED6-474D-9AD4-81CD9DC15668}.Debug|Any CPU.ActiveCfg = Debug|Any CPU
		{6BF310D3-8ED6-474D-9AD4-81CD9DC15668}.Debug|Any CPU.Build.0 = Debug|Any CPU
		{6BF310D3-8ED6-474D-9AD4-81CD9DC15668}.Debug|x64.ActiveCfg = Debug|Any CPU
		{6BF310D3-8ED6-474D-9AD4-81CD9DC15668}.Debug|x64.Build.0 = Debug|Any CPU
		{6BF310D3-8ED6-474D-9AD4-81CD9DC15668}.Debug|x86.ActiveCfg = Debug|Any CPU
		{6BF310D3-8ED6-474D-9AD4-81CD9DC15668}.Debug|x86.Build.0 = Debug|Any CPU
		{6BF310D3-8ED6-474D-9AD4-81CD9DC15668}.Release|Any CPU.ActiveCfg = Release|Any CPU
		{6BF310D3-8ED6-474D-9AD4-81CD9DC15668}.Release|Any CPU.Build.0 = Release|Any CPU
		{6BF310D3-8ED6-474D-9AD4-81CD9DC15668}.Release|x64.ActiveCfg = Release|Any CPU
		{6BF310D3-8ED6-474D-9AD4-81CD9DC15668}.Release|x64.Build.0 = Release|Any CPU
		{6BF310D3-8ED6-474D-9AD4-81CD9DC15668}.Release|x86.ActiveCfg = Release|Any CPU
		{6BF310D3-8ED6-474D-9AD4-81CD9DC15668}.Release|x86.Build.0 = Release|Any CPU
		{9B2666BE-E51D-46ED-9E73-83F693C6E5B3}.Debug|Any CPU.ActiveCfg = Debug|Any CPU
		{9B2666BE-E51D-46ED-9E73-83F693C6E5B3}.Debug|Any CPU.Build.0 = Debug|Any CPU
		{9B2666BE-E51D-46ED-9E73-83F693C6E5B3}.Debug|x64.ActiveCfg = Debug|Any CPU
		{9B2666BE-E51D-46ED-9E73-83F693C6E5B3}.Debug|x64.Build.0 = Debug|Any CPU
		{9B2666BE-E51D-46ED-9E73-83F693C6E5B3}.Debug|x86.ActiveCfg = Debug|Any CPU
		{9B2666BE-E51D-46ED-9E73-83F693C6E5B3}.Debug|x86.Build.0 = Debug|Any CPU
		{9B2666BE-E51D-46ED-9E73-83F693C6E5B3}.Release|Any CPU.ActiveCfg = Release|Any CPU
		{9B2666BE-E51D-46ED-9E73-83F693C6E5B3}.Release|Any CPU.Build.0 = Release|Any CPU
		{9B2666BE-E51D-46ED-9E73-83F693C6E5B3}.Release|x64.ActiveCfg = Release|Any CPU
		{9B2666BE-E51D-46ED-9E73-83F693C6E5B3}.Release|x64.Build.0 = Release|Any CPU
		{9B2666BE-E51D-46ED-9E73-83F693C6E5B3}.Release|x86.ActiveCfg = Release|Any CPU
		{9B2666BE-E51D-46ED-9E73-83F693C6E5B3}.Release|x86.Build.0 = Release|Any CPU
		{E2417DF5-2173-4E58-A4ED-C0FA7D61841E}.Debug|Any CPU.ActiveCfg = Debug|Any CPU
		{E2417DF5-2173-4E58-A4ED-C0FA7D61841E}.Debug|Any CPU.Build.0 = Debug|Any CPU
		{E2417DF5-2173-4E58-A4ED-C0FA7D61841E}.Debug|x64.ActiveCfg = Debug|Any CPU
		{E2417DF5-2173-4E58-A4ED-C0FA7D61841E}.Debug|x64.Build.0 = Debug|Any CPU
		{E2417DF5-2173-4E58-A4ED-C0FA7D61841E}.Debug|x86.ActiveCfg = Debug|Any CPU
		{E2417DF5-2173-4E58-A4ED-C0FA7D61841E}.Debug|x86.Build.0 = Debug|Any CPU
		{E2417DF5-2173-4E58-A4ED-C0FA7D61841E}.Release|Any CPU.ActiveCfg = Release|Any CPU
		{E2417DF5-2173-4E58-A4ED-C0FA7D61841E}.Release|Any CPU.Build.0 = Release|Any CPU
		{E2417DF5-2173-4E58-A4ED-C0FA7D61841E}.Release|x64.ActiveCfg = Release|Any CPU
		{E2417DF5-2173-4E58-A4ED-C0FA7D61841E}.Release|x64.Build.0 = Release|Any CPU
		{E2417DF5-2173-4E58-A4ED-C0FA7D61841E}.Release|x86.ActiveCfg = Release|Any CPU
		{E2417DF5-2173-4E58-A4ED-C0FA7D61841E}.Release|x86.Build.0 = Release|Any CPU
		{C12E29A2-3B8A-4EA7-A591-3E6BB8A26764}.Debug|Any CPU.ActiveCfg = Debug|Any CPU
		{C12E29A2-3B8A-4EA7-A591-3E6BB8A26764}.Debug|Any CPU.Build.0 = Debug|Any CPU
		{C12E29A2-3B8A-4EA7-A591-3E6BB8A26764}.Debug|x64.ActiveCfg = Debug|Any CPU
		{C12E29A2-3B8A-4EA7-A591-3E6BB8A26764}.Debug|x64.Build.0 = Debug|Any CPU
		{C12E29A2-3B8A-4EA7-A591-3E6BB8A26764}.Debug|x86.ActiveCfg = Debug|Any CPU
		{C12E29A2-3B8A-4EA7-A591-3E6BB8A26764}.Debug|x86.Build.0 = Debug|Any CPU
		{C12E29A2-3B8A-4EA7-A591-3E6BB8A26764}.Release|Any CPU.ActiveCfg = Release|Any CPU
		{C12E29A2-3B8A-4EA7-A591-3E6BB8A26764}.Release|Any CPU.Build.0 = Release|Any CPU
		{C12E29A2-3B8A-4EA7-A591-3E6BB8A26764}.Release|x64.ActiveCfg = Release|Any CPU
		{C12E29A2-3B8A-4EA7-A591-3E6BB8A26764}.Release|x64.Build.0 = Release|Any CPU
		{C12E29A2-3B8A-4EA7-A591-3E6BB8A26764}.Release|x86.ActiveCfg = Release|Any CPU
		{C12E29A2-3B8A-4EA7-A591-3E6BB8A26764}.Release|x86.Build.0 = Release|Any CPU
		{1C9D7CBF-9A3B-4FB8-955C-D1521587098A}.Debug|Any CPU.ActiveCfg = Debug|Any CPU
		{1C9D7CBF-9A3B-4FB8-955C-D1521587098A}.Debug|Any CPU.Build.0 = Debug|Any CPU
		{1C9D7CBF-9A3B-4FB8-955C-D1521587098A}.Debug|x64.ActiveCfg = Debug|Any CPU
		{1C9D7CBF-9A3B-4FB8-955C-D1521587098A}.Debug|x64.Build.0 = Debug|Any CPU
		{1C9D7CBF-9A3B-4FB8-955C-D1521587098A}.Debug|x86.ActiveCfg = Debug|Any CPU
		{1C9D7CBF-9A3B-4FB8-955C-D1521587098A}.Debug|x86.Build.0 = Debug|Any CPU
		{1C9D7CBF-9A3B-4FB8-955C-D1521587098A}.Release|Any CPU.ActiveCfg = Release|Any CPU
		{1C9D7CBF-9A3B-4FB8-955C-D1521587098A}.Release|Any CPU.Build.0 = Release|Any CPU
		{1C9D7CBF-9A3B-4FB8-955C-D1521587098A}.Release|x64.ActiveCfg = Release|Any CPU
		{1C9D7CBF-9A3B-4FB8-955C-D1521587098A}.Release|x64.Build.0 = Release|Any CPU
		{1C9D7CBF-9A3B-4FB8-955C-D1521587098A}.Release|x86.ActiveCfg = Release|Any CPU
		{1C9D7CBF-9A3B-4FB8-955C-D1521587098A}.Release|x86.Build.0 = Release|Any CPU
		{58B7AB1B-77D9-4AB3-9027-A1E031669690}.Debug|Any CPU.ActiveCfg = Debug|Any CPU
		{58B7AB1B-77D9-4AB3-9027-A1E031669690}.Debug|Any CPU.Build.0 = Debug|Any CPU
		{58B7AB1B-77D9-4AB3-9027-A1E031669690}.Debug|x64.ActiveCfg = Debug|Any CPU
		{58B7AB1B-77D9-4AB3-9027-A1E031669690}.Debug|x64.Build.0 = Debug|Any CPU
		{58B7AB1B-77D9-4AB3-9027-A1E031669690}.Debug|x86.ActiveCfg = Debug|Any CPU
		{58B7AB1B-77D9-4AB3-9027-A1E031669690}.Debug|x86.Build.0 = Debug|Any CPU
		{58B7AB1B-77D9-4AB3-9027-A1E031669690}.Release|Any CPU.ActiveCfg = Release|Any CPU
		{58B7AB1B-77D9-4AB3-9027-A1E031669690}.Release|Any CPU.Build.0 = Release|Any CPU
		{58B7AB1B-77D9-4AB3-9027-A1E031669690}.Release|x64.ActiveCfg = Release|Any CPU
		{58B7AB1B-77D9-4AB3-9027-A1E031669690}.Release|x64.Build.0 = Release|Any CPU
		{58B7AB1B-77D9-4AB3-9027-A1E031669690}.Release|x86.ActiveCfg = Release|Any CPU
		{58B7AB1B-77D9-4AB3-9027-A1E031669690}.Release|x86.Build.0 = Release|Any CPU
		{30D5E362-33C7-4DFE-9AB8-E0F079E58FA8}.Debug|Any CPU.ActiveCfg = Debug|Any CPU
		{30D5E362-33C7-4DFE-9AB8-E0F079E58FA8}.Debug|Any CPU.Build.0 = Debug|Any CPU
		{30D5E362-33C7-4DFE-9AB8-E0F079E58FA8}.Debug|x64.ActiveCfg = Debug|Any CPU
		{30D5E362-33C7-4DFE-9AB8-E0F079E58FA8}.Debug|x64.Build.0 = Debug|Any CPU
		{30D5E362-33C7-4DFE-9AB8-E0F079E58FA8}.Debug|x86.ActiveCfg = Debug|Any CPU
		{30D5E362-33C7-4DFE-9AB8-E0F079E58FA8}.Debug|x86.Build.0 = Debug|Any CPU
		{30D5E362-33C7-4DFE-9AB8-E0F079E58FA8}.Release|Any CPU.ActiveCfg = Release|Any CPU
		{30D5E362-33C7-4DFE-9AB8-E0F079E58FA8}.Release|Any CPU.Build.0 = Release|Any CPU
		{30D5E362-33C7-4DFE-9AB8-E0F079E58FA8}.Release|x64.ActiveCfg = Release|Any CPU
		{30D5E362-33C7-4DFE-9AB8-E0F079E58FA8}.Release|x64.Build.0 = Release|Any CPU
		{30D5E362-33C7-4DFE-9AB8-E0F079E58FA8}.Release|x86.ActiveCfg = Release|Any CPU
		{30D5E362-33C7-4DFE-9AB8-E0F079E58FA8}.Release|x86.Build.0 = Release|Any CPU
		{505435B1-26F6-49C4-A871-518514A76DEB}.Debug|Any CPU.ActiveCfg = Debug|Any CPU
		{505435B1-26F6-49C4-A871-518514A76DEB}.Debug|Any CPU.Build.0 = Debug|Any CPU
		{505435B1-26F6-49C4-A871-518514A76DEB}.Debug|x64.ActiveCfg = Debug|Any CPU
		{505435B1-26F6-49C4-A871-518514A76DEB}.Debug|x64.Build.0 = Debug|Any CPU
		{505435B1-26F6-49C4-A871-518514A76DEB}.Debug|x86.ActiveCfg = Debug|Any CPU
		{505435B1-26F6-49C4-A871-518514A76DEB}.Debug|x86.Build.0 = Debug|Any CPU
		{505435B1-26F6-49C4-A871-518514A76DEB}.Release|Any CPU.ActiveCfg = Release|Any CPU
		{505435B1-26F6-49C4-A871-518514A76DEB}.Release|Any CPU.Build.0 = Release|Any CPU
		{505435B1-26F6-49C4-A871-518514A76DEB}.Release|x64.ActiveCfg = Release|Any CPU
		{505435B1-26F6-49C4-A871-518514A76DEB}.Release|x64.Build.0 = Release|Any CPU
		{505435B1-26F6-49C4-A871-518514A76DEB}.Release|x86.ActiveCfg = Release|Any CPU
		{505435B1-26F6-49C4-A871-518514A76DEB}.Release|x86.Build.0 = Release|Any CPU
		{B41A7C4F-A654-4C5E-984F-91B975B6FEA8}.Debug|Any CPU.ActiveCfg = Debug|Any CPU
		{B41A7C4F-A654-4C5E-984F-91B975B6FEA8}.Debug|Any CPU.Build.0 = Debug|Any CPU
		{B41A7C4F-A654-4C5E-984F-91B975B6FEA8}.Debug|x64.ActiveCfg = Debug|Any CPU
		{B41A7C4F-A654-4C5E-984F-91B975B6FEA8}.Debug|x64.Build.0 = Debug|Any CPU
		{B41A7C4F-A654-4C5E-984F-91B975B6FEA8}.Debug|x86.ActiveCfg = Debug|Any CPU
		{B41A7C4F-A654-4C5E-984F-91B975B6FEA8}.Debug|x86.Build.0 = Debug|Any CPU
		{B41A7C4F-A654-4C5E-984F-91B975B6FEA8}.Release|Any CPU.ActiveCfg = Release|Any CPU
		{B41A7C4F-A654-4C5E-984F-91B975B6FEA8}.Release|Any CPU.Build.0 = Release|Any CPU
		{B41A7C4F-A654-4C5E-984F-91B975B6FEA8}.Release|x64.ActiveCfg = Release|Any CPU
		{B41A7C4F-A654-4C5E-984F-91B975B6FEA8}.Release|x64.Build.0 = Release|Any CPU
		{B41A7C4F-A654-4C5E-984F-91B975B6FEA8}.Release|x86.ActiveCfg = Release|Any CPU
		{B41A7C4F-A654-4C5E-984F-91B975B6FEA8}.Release|x86.Build.0 = Release|Any CPU
		{7E41330D-9BC4-4D0A-9180-E1F0DA9774F5}.Debug|Any CPU.ActiveCfg = Debug|Any CPU
		{7E41330D-9BC4-4D0A-9180-E1F0DA9774F5}.Debug|Any CPU.Build.0 = Debug|Any CPU
		{7E41330D-9BC4-4D0A-9180-E1F0DA9774F5}.Debug|x64.ActiveCfg = Debug|Any CPU
		{7E41330D-9BC4-4D0A-9180-E1F0DA9774F5}.Debug|x64.Build.0 = Debug|Any CPU
		{7E41330D-9BC4-4D0A-9180-E1F0DA9774F5}.Debug|x86.ActiveCfg = Debug|Any CPU
		{7E41330D-9BC4-4D0A-9180-E1F0DA9774F5}.Debug|x86.Build.0 = Debug|Any CPU
		{7E41330D-9BC4-4D0A-9180-E1F0DA9774F5}.Release|Any CPU.ActiveCfg = Release|Any CPU
		{7E41330D-9BC4-4D0A-9180-E1F0DA9774F5}.Release|Any CPU.Build.0 = Release|Any CPU
		{7E41330D-9BC4-4D0A-9180-E1F0DA9774F5}.Release|x64.ActiveCfg = Release|Any CPU
		{7E41330D-9BC4-4D0A-9180-E1F0DA9774F5}.Release|x64.Build.0 = Release|Any CPU
		{7E41330D-9BC4-4D0A-9180-E1F0DA9774F5}.Release|x86.ActiveCfg = Release|Any CPU
		{7E41330D-9BC4-4D0A-9180-E1F0DA9774F5}.Release|x86.Build.0 = Release|Any CPU
		{AF13EA5F-1F01-4350-89B2-6AFA1AC701CC}.Debug|Any CPU.ActiveCfg = Debug|Any CPU
		{AF13EA5F-1F01-4350-89B2-6AFA1AC701CC}.Debug|Any CPU.Build.0 = Debug|Any CPU
		{AF13EA5F-1F01-4350-89B2-6AFA1AC701CC}.Debug|x64.ActiveCfg = Debug|Any CPU
		{AF13EA5F-1F01-4350-89B2-6AFA1AC701CC}.Debug|x64.Build.0 = Debug|Any CPU
		{AF13EA5F-1F01-4350-89B2-6AFA1AC701CC}.Debug|x86.ActiveCfg = Debug|Any CPU
		{AF13EA5F-1F01-4350-89B2-6AFA1AC701CC}.Debug|x86.Build.0 = Debug|Any CPU
		{AF13EA5F-1F01-4350-89B2-6AFA1AC701CC}.Release|Any CPU.ActiveCfg = Release|Any CPU
		{AF13EA5F-1F01-4350-89B2-6AFA1AC701CC}.Release|Any CPU.Build.0 = Release|Any CPU
		{AF13EA5F-1F01-4350-89B2-6AFA1AC701CC}.Release|x64.ActiveCfg = Release|Any CPU
		{AF13EA5F-1F01-4350-89B2-6AFA1AC701CC}.Release|x64.Build.0 = Release|Any CPU
		{AF13EA5F-1F01-4350-89B2-6AFA1AC701CC}.Release|x86.ActiveCfg = Release|Any CPU
		{AF13EA5F-1F01-4350-89B2-6AFA1AC701CC}.Release|x86.Build.0 = Release|Any CPU
		{4601E9CF-F45D-46DA-8CAF-49C3D8712065}.Debug|Any CPU.ActiveCfg = Debug|Any CPU
		{4601E9CF-F45D-46DA-8CAF-49C3D8712065}.Debug|Any CPU.Build.0 = Debug|Any CPU
		{4601E9CF-F45D-46DA-8CAF-49C3D8712065}.Debug|x64.ActiveCfg = Debug|Any CPU
		{4601E9CF-F45D-46DA-8CAF-49C3D8712065}.Debug|x64.Build.0 = Debug|Any CPU
		{4601E9CF-F45D-46DA-8CAF-49C3D8712065}.Debug|x86.ActiveCfg = Debug|Any CPU
		{4601E9CF-F45D-46DA-8CAF-49C3D8712065}.Debug|x86.Build.0 = Debug|Any CPU
		{4601E9CF-F45D-46DA-8CAF-49C3D8712065}.Release|Any CPU.ActiveCfg = Release|Any CPU
		{4601E9CF-F45D-46DA-8CAF-49C3D8712065}.Release|Any CPU.Build.0 = Release|Any CPU
		{4601E9CF-F45D-46DA-8CAF-49C3D8712065}.Release|x64.ActiveCfg = Release|Any CPU
		{4601E9CF-F45D-46DA-8CAF-49C3D8712065}.Release|x64.Build.0 = Release|Any CPU
		{4601E9CF-F45D-46DA-8CAF-49C3D8712065}.Release|x86.ActiveCfg = Release|Any CPU
		{4601E9CF-F45D-46DA-8CAF-49C3D8712065}.Release|x86.Build.0 = Release|Any CPU
		{5217E52F-4C0C-4995-8B3C-6D03ADBE90F3}.Debug|Any CPU.ActiveCfg = Debug|Any CPU
		{5217E52F-4C0C-4995-8B3C-6D03ADBE90F3}.Debug|Any CPU.Build.0 = Debug|Any CPU
		{5217E52F-4C0C-4995-8B3C-6D03ADBE90F3}.Debug|x64.ActiveCfg = Debug|Any CPU
		{5217E52F-4C0C-4995-8B3C-6D03ADBE90F3}.Debug|x64.Build.0 = Debug|Any CPU
		{5217E52F-4C0C-4995-8B3C-6D03ADBE90F3}.Debug|x86.ActiveCfg = Debug|Any CPU
		{5217E52F-4C0C-4995-8B3C-6D03ADBE90F3}.Debug|x86.Build.0 = Debug|Any CPU
		{5217E52F-4C0C-4995-8B3C-6D03ADBE90F3}.Release|Any CPU.ActiveCfg = Release|Any CPU
		{5217E52F-4C0C-4995-8B3C-6D03ADBE90F3}.Release|Any CPU.Build.0 = Release|Any CPU
		{5217E52F-4C0C-4995-8B3C-6D03ADBE90F3}.Release|x64.ActiveCfg = Release|Any CPU
		{5217E52F-4C0C-4995-8B3C-6D03ADBE90F3}.Release|x64.Build.0 = Release|Any CPU
		{5217E52F-4C0C-4995-8B3C-6D03ADBE90F3}.Release|x86.ActiveCfg = Release|Any CPU
		{5217E52F-4C0C-4995-8B3C-6D03ADBE90F3}.Release|x86.Build.0 = Release|Any CPU
	EndGlobalSection
	GlobalSection(SolutionProperties) = preSolution
		HideSolutionNode = FALSE
	EndGlobalSection
	GlobalSection(NestedProjects) = preSolution
		{6224C484-3E23-4F06-A749-195C1E478116} = {03CF2756-3B2A-4007-B4CA-2D3081F13C09}
		{6224C484-3E23-4F06-A749-195C1E478115} = {03CF2756-3B2A-4007-B4CA-2D3081F13C09}
		{6224C484-3E23-4F06-A749-195C1E478117} = {03CF2756-3B2A-4007-B4CA-2D3081F13C09}
		{331019B0-9170-4F31-9D93-283C6FA5F470} = {03CF2756-3B2A-4007-B4CA-2D3081F13C09}
		{3D7E245E-590C-479C-850F-5572110B7DF9} = {03CF2756-3B2A-4007-B4CA-2D3081F13C09}
		{084C5E49-E1CC-4B65-81F0-BA83EF472C2F} = {03CF2756-3B2A-4007-B4CA-2D3081F13C09}
		{4C262888-148A-46A4-A4A1-5D88C7419B9E} = {FF4C78A3-7DBC-445E-B836-E7835F25B2BC}
		{1823E386-8999-48F4-92F3-E7B5288C8247} = {03CF2756-3B2A-4007-B4CA-2D3081F13C09}
		{A43C89E3-42AC-412C-BD9A-2972D5E7428E} = {03CF2756-3B2A-4007-B4CA-2D3081F13C09}
		{E42E1369-22A5-4B66-8662-E260CD1E8818} = {03CF2756-3B2A-4007-B4CA-2D3081F13C09}
		{58F0111B-3C90-48C2-B13D-9BF5F5F6BFCD} = {03CF2756-3B2A-4007-B4CA-2D3081F13C09}
		{F8499204-8BE8-47C7-8672-DB16DA8DE4DD} = {03CF2756-3B2A-4007-B4CA-2D3081F13C09}
		{F998FFC8-E696-419F-91A5-1023AF0D471C} = {03CF2756-3B2A-4007-B4CA-2D3081F13C09}
		{5778ADAE-C4B2-4E51-B3BC-716C0246F8FA} = {03CF2756-3B2A-4007-B4CA-2D3081F13C09}
		{5B0E4122-975D-4567-B56B-A67F511ED937} = {FF4C78A3-7DBC-445E-B836-E7835F25B2BC}
		{2B4174DD-AC5A-4F8A-8326-A118D2B00E97} = {03CF2756-3B2A-4007-B4CA-2D3081F13C09}
		{2DF334A4-7F70-4EED-8C6B-64FB72576A22} = {03CF2756-3B2A-4007-B4CA-2D3081F13C09}
		{6EFA157B-97F0-4048-B76E-B370CEA0D314} = {03CF2756-3B2A-4007-B4CA-2D3081F13C09}
		{9127E7F2-1D48-460E-87FC-8337E793AFA4} = {03CF2756-3B2A-4007-B4CA-2D3081F13C09}
		{6BE06FC3-74E0-4D59-88D9-293A63055815} = {03CF2756-3B2A-4007-B4CA-2D3081F13C09}
		{D6203123-4FB7-494A-8D58-F829B42957BC} = {03CF2756-3B2A-4007-B4CA-2D3081F13C09}
		{2F2C6E21-4337-4387-8C17-2A2B4F862C91} = {03CF2756-3B2A-4007-B4CA-2D3081F13C09}
		{6FF77493-DCAA-4305-84A6-41726FB6412B} = {B28CDE4E-E1E6-4962-A42E-B2EBF06835F1}
		{402854B2-A0D9-4CDC-9579-3A02813FE3FE} = {B28CDE4E-E1E6-4962-A42E-B2EBF06835F1}
		{B1F239D1-C004-4CBC-BD87-43951892F1FF} = {402854B2-A0D9-4CDC-9579-3A02813FE3FE}
		{DEDA7E3E-B184-46D9-A646-A9C02FF24C12} = {03CF2756-3B2A-4007-B4CA-2D3081F13C09}
		{4BC99ADA-F658-43AB-BAE4-9DDB80CCC64C} = {03CF2756-3B2A-4007-B4CA-2D3081F13C09}
		{BE85167A-DE0C-410B-AC2C-373BB8E9F55C} = {03CF2756-3B2A-4007-B4CA-2D3081F13C09}
		{3CF13137-6249-4723-AC2C-E4AA3964582C} = {631F494D-9DFB-42A7-84C7-270C95B7EC2E}
		{7CA8B477-331A-4D9A-AB31-24B84D894C2C} = {631F494D-9DFB-42A7-84C7-270C95B7EC2E}
		{B32723B7-E981-409A-948D-A6E7C2DC0267} = {631F494D-9DFB-42A7-84C7-270C95B7EC2E}
		{A423CEFB-6396-4B72-833B-D7766855B3C9} = {631F494D-9DFB-42A7-84C7-270C95B7EC2E}
		{7606DB9B-20CD-4025-9605-D26190EE4AA4} = {631F494D-9DFB-42A7-84C7-270C95B7EC2E}
		{42F1E90D-73AB-4C97-BEC0-AC373489D0CD} = {631F494D-9DFB-42A7-84C7-270C95B7EC2E}
		{07741184-F09D-4993-9AE3-1BC47718640A} = {631F494D-9DFB-42A7-84C7-270C95B7EC2E}
		{20509644-25DB-4CCD-8FB7-40D8BBD90ED2} = {631F494D-9DFB-42A7-84C7-270C95B7EC2E}
		{6AAC39A2-3F5E-4E85-9DAB-A997F1D43372} = {03CF2756-3B2A-4007-B4CA-2D3081F13C09}
		{411A1D71-4220-4CE6-A1AC-4F9847A14256} = {631F494D-9DFB-42A7-84C7-270C95B7EC2E}
		{E375554B-6235-40D2-AF46-1636E24B5049} = {03CF2756-3B2A-4007-B4CA-2D3081F13C09}
		{22F788DB-89D7-4A00-B659-2C70F314BA59} = {FF4C78A3-7DBC-445E-B836-E7835F25B2BC}
		{6BF310D3-8ED6-474D-9AD4-81CD9DC15668} = {03CF2756-3B2A-4007-B4CA-2D3081F13C09}
		{9B2666BE-E51D-46ED-9E73-83F693C6E5B3} = {03CF2756-3B2A-4007-B4CA-2D3081F13C09}
		{E2417DF5-2173-4E58-A4ED-C0FA7D61841E} = {03CF2756-3B2A-4007-B4CA-2D3081F13C09}
		{C12E29A2-3B8A-4EA7-A591-3E6BB8A26764} = {03CF2756-3B2A-4007-B4CA-2D3081F13C09}
		{1C9D7CBF-9A3B-4FB8-955C-D1521587098A} = {FF4C78A3-7DBC-445E-B836-E7835F25B2BC}
		{58B7AB1B-77D9-4AB3-9027-A1E031669690} = {03CF2756-3B2A-4007-B4CA-2D3081F13C09}
		{30D5E362-33C7-4DFE-9AB8-E0F079E58FA8} = {FF4C78A3-7DBC-445E-B836-E7835F25B2BC}
		{505435B1-26F6-49C4-A871-518514A76DEB} = {03CF2756-3B2A-4007-B4CA-2D3081F13C09}
		{B41A7C4F-A654-4C5E-984F-91B975B6FEA8} = {631F494D-9DFB-42A7-84C7-270C95B7EC2E}
		{7E41330D-9BC4-4D0A-9180-E1F0DA9774F5} = {03CF2756-3B2A-4007-B4CA-2D3081F13C09}
		{AF13EA5F-1F01-4350-89B2-6AFA1AC701CC} = {03CF2756-3B2A-4007-B4CA-2D3081F13C09}
		{4601E9CF-F45D-46DA-8CAF-49C3D8712065} = {03CF2756-3B2A-4007-B4CA-2D3081F13C09}
		{5217E52F-4C0C-4995-8B3C-6D03ADBE90F3} = {6FF77493-DCAA-4305-84A6-41726FB6412B}
	EndGlobalSection
	GlobalSection(ExtensibilityGlobals) = postSolution
		SolutionGuid = {A47D5791-DD56-46F9-B40F-AF963F95E93F}
	EndGlobalSection
EndGlobal
