
Microsoft Visual Studio Solution File, Format Version 12.00
# Visual Studio Version 16
VisualStudioVersion = 16.0.29806.167
MinimumVisualStudioVersion = 10.0.40219.1
Project("{9A19103F-16F7-4668-BE54-9A1E7A4F7556}") = "Leon.XXX.Api", "sample\Leon.XXX.Api\Leon.XXX.Api.csproj", "{AB42BDAB-F7BE-4871-BD73-1EEEFC62D85B}"
EndProject
Project("{2150E333-8FDC-42A3-9474-1A3956D46DE8}") = "Application", "Application", "{631F494D-9DFB-42A7-84C7-270C95B7EC2E}"
EndProject
Project("{2150E333-8FDC-42A3-9474-1A3956D46DE8}") = "Infrastructure", "Infrastructure", "{03CF2756-3B2A-4007-B4CA-2D3081F13C09}"
EndProject
Project("{9A19103F-16F7-4668-BE54-9A1E7A4F7556}") = "NetPro.Utility", "Library\NetPro.Utility\NetPro.Utility.csproj", "{6224C484-3E23-4F06-A749-195C1E478116}"
EndProject
Project("{9A19103F-16F7-4668-BE54-9A1E7A4F7556}") = "NetPro.Log", "Library\NetPro.Log\NetPro.Log.csproj", "{0132C207-F90A-4087-BF1F-48C0E2D3AFC3}"
EndProject
Project("{9A19103F-16F7-4668-BE54-9A1E7A4F7556}") = "NetPro.Web.Core", "Library\NetPro.Web.Core\NetPro.Web.Core.csproj", "{6224C484-3E23-4F06-A749-195C1E478114}"
EndProject
Project("{9A19103F-16F7-4668-BE54-9A1E7A4F7556}") = "NetPro.Dapper", "Library\NetPro.Dapper\NetPro.Dapper.csproj", "{6224C484-3E23-4F06-A749-195C1E478119}"
EndProject
Project("{9A19103F-16F7-4668-BE54-9A1E7A4F7556}") = "NetPro.Web.Api", "Library\NetPro.Web.Api\NetPro.Web.Api.csproj", "{6224C484-3E23-4F06-A749-195C1E478115}"
EndProject
Project("{9A19103F-16F7-4668-BE54-9A1E7A4F7556}") = "NetPro.MongoDb", "Library\NetPro.MongoDb\NetPro.MongoDb.csproj", "{6224C484-3E23-4F06-A749-195C1E478117}"
EndProject
Project("{9A19103F-16F7-4668-BE54-9A1E7A4F7556}") = "Leon.XXX.Domain", "sample\Leon.XXX.Domain\Leon.XXX.Domain.csproj", "{7121F650-14D2-463C-AC84-A4956FDD1ED3}"
EndProject
Project("{9A19103F-16F7-4668-BE54-9A1E7A4F7556}") = "Leon.XXX.Repository", "sample\Leon.XXX.Repository\Leon.XXX.Repository.csproj", "{CED7CEDA-46B8-4483-89D5-E5F38D84C5BC}"
EndProject
Project("{9A19103F-16F7-4668-BE54-9A1E7A4F7556}") = "Leon.XXX.Proxy", "sample\Leon.XXX.Proxy\Leon.XXX.Proxy.csproj", "{F748F681-1228-4FA8-9A32-657D81C3BF0E}"
EndProject
Project("{9A19103F-16F7-4668-BE54-9A1E7A4F7556}") = "NetPro.RabbitMQ", "Library\NetPro.RabbitMQ\NetPro.RabbitMQ.csproj", "{331019B0-9170-4F31-9D93-283C6FA5F470}"
EndProject
Project("{9A19103F-16F7-4668-BE54-9A1E7A4F7556}") = "NetPro.Core", "Library\NetPro.Core\NetPro.Core.csproj", "{DCF172AF-7F75-4E46-8005-A6B2FFDEBB68}"
EndProject
Project("{9A19103F-16F7-4668-BE54-9A1E7A4F7556}") = "Leon.XXX.Aggregate", "sample\Leon.XXX.Aggregate\Leon.XXX.Aggregate.csproj", "{0663BA78-8119-4012-85B5-81424E44C3B6}"
EndProject
Project("{9A19103F-16F7-4668-BE54-9A1E7A4F7556}") = "NetPro.Checker", "Library\NetPro.Checker\NetPro.Checker.csproj", "{3D7E245E-590C-479C-850F-5572110B7DF9}"
EndProject
Project("{9A19103F-16F7-4668-BE54-9A1E7A4F7556}") = "Leon.XXXV2.Api", "sample\Leon.XXXV2.Api\Leon.XXXV2.Api.csproj", "{90F58549-3A5F-40EC-B17F-D3DC09AFECD4}"
EndProject
Project("{9A19103F-16F7-4668-BE54-9A1E7A4F7556}") = "Leon.XXX.Process", "sample\Leon.XXX.Process\Leon.XXX.Process.csproj", "{D1BB4926-E227-4C57-9E6F-478CF44766C9}"
EndProject
Project("{9A19103F-16F7-4668-BE54-9A1E7A4F7556}") = "NetPro.RedisManager", "Library\NetPro.RedisManager\NetPro.RedisManager.csproj", "{084C5E49-E1CC-4B65-81F0-BA83EF472C2F}"
EndProject
Project("{2150E333-8FDC-42A3-9474-1A3956D46DE8}") = "Test", "Test", "{FF4C78A3-7DBC-445E-B836-E7835F25B2BC}"
EndProject
Project("{9A19103F-16F7-4668-BE54-9A1E7A4F7556}") = "TestConsole", "TestConsole\TestConsole.csproj", "{6EE99E63-0A8E-43D7-91F6-F4E90327B784}"
EndProject
Project("{FAE04EC0-301F-11D3-BF4B-00C04F79EFBC}") = "YZC.XXXService", "YZC.XXXService\YZC.XXXService.csproj", "{D8F520FF-E251-4DCB-9068-5727CAA955F6}"
EndProject
Project("{FAE04EC0-301F-11D3-BF4B-00C04F79EFBC}") = "Yzc.Model", "Yzc.Model\Yzc.Model.csproj", "{339477AF-F840-4F63-980B-19409DD09B83}"
EndProject
Global
	GlobalSection(SolutionConfigurationPlatforms) = preSolution
		Debug|Any CPU = Debug|Any CPU
		Release|Any CPU = Release|Any CPU
	EndGlobalSection
	GlobalSection(ProjectConfigurationPlatforms) = postSolution
		{AB42BDAB-F7BE-4871-BD73-1EEEFC62D85B}.Debug|Any CPU.ActiveCfg = Debug|Any CPU
		{AB42BDAB-F7BE-4871-BD73-1EEEFC62D85B}.Debug|Any CPU.Build.0 = Debug|Any CPU
		{AB42BDAB-F7BE-4871-BD73-1EEEFC62D85B}.Release|Any CPU.ActiveCfg = Release|Any CPU
		{AB42BDAB-F7BE-4871-BD73-1EEEFC62D85B}.Release|Any CPU.Build.0 = Release|Any CPU
		{6224C484-3E23-4F06-A749-195C1E478116}.Debug|Any CPU.ActiveCfg = Debug|Any CPU
		{6224C484-3E23-4F06-A749-195C1E478116}.Debug|Any CPU.Build.0 = Debug|Any CPU
		{6224C484-3E23-4F06-A749-195C1E478116}.Release|Any CPU.ActiveCfg = Release|Any CPU
		{6224C484-3E23-4F06-A749-195C1E478116}.Release|Any CPU.Build.0 = Release|Any CPU
		{0132C207-F90A-4087-BF1F-48C0E2D3AFC3}.Debug|Any CPU.ActiveCfg = Debug|Any CPU
		{0132C207-F90A-4087-BF1F-48C0E2D3AFC3}.Debug|Any CPU.Build.0 = Debug|Any CPU
		{0132C207-F90A-4087-BF1F-48C0E2D3AFC3}.Release|Any CPU.ActiveCfg = Release|Any CPU
		{0132C207-F90A-4087-BF1F-48C0E2D3AFC3}.Release|Any CPU.Build.0 = Release|Any CPU
		{6224C484-3E23-4F06-A749-195C1E478114}.Debug|Any CPU.ActiveCfg = Debug|Any CPU
		{6224C484-3E23-4F06-A749-195C1E478114}.Debug|Any CPU.Build.0 = Debug|Any CPU
		{6224C484-3E23-4F06-A749-195C1E478114}.Release|Any CPU.ActiveCfg = Release|Any CPU
		{6224C484-3E23-4F06-A749-195C1E478114}.Release|Any CPU.Build.0 = Release|Any CPU
		{6224C484-3E23-4F06-A749-195C1E478119}.Debug|Any CPU.ActiveCfg = Debug|Any CPU
		{6224C484-3E23-4F06-A749-195C1E478119}.Debug|Any CPU.Build.0 = Debug|Any CPU
		{6224C484-3E23-4F06-A749-195C1E478119}.Release|Any CPU.ActiveCfg = Release|Any CPU
		{6224C484-3E23-4F06-A749-195C1E478119}.Release|Any CPU.Build.0 = Release|Any CPU
		{6224C484-3E23-4F06-A749-195C1E478115}.Debug|Any CPU.ActiveCfg = Debug|Any CPU
		{6224C484-3E23-4F06-A749-195C1E478115}.Debug|Any CPU.Build.0 = Debug|Any CPU
		{6224C484-3E23-4F06-A749-195C1E478115}.Release|Any CPU.ActiveCfg = Release|Any CPU
		{6224C484-3E23-4F06-A749-195C1E478115}.Release|Any CPU.Build.0 = Release|Any CPU
		{6224C484-3E23-4F06-A749-195C1E478117}.Debug|Any CPU.ActiveCfg = Debug|Any CPU
		{6224C484-3E23-4F06-A749-195C1E478117}.Debug|Any CPU.Build.0 = Debug|Any CPU
		{6224C484-3E23-4F06-A749-195C1E478117}.Release|Any CPU.ActiveCfg = Release|Any CPU
		{6224C484-3E23-4F06-A749-195C1E478117}.Release|Any CPU.Build.0 = Release|Any CPU
		{7121F650-14D2-463C-AC84-A4956FDD1ED3}.Debug|Any CPU.ActiveCfg = Debug|Any CPU
		{7121F650-14D2-463C-AC84-A4956FDD1ED3}.Debug|Any CPU.Build.0 = Debug|Any CPU
		{7121F650-14D2-463C-AC84-A4956FDD1ED3}.Release|Any CPU.ActiveCfg = Release|Any CPU
		{7121F650-14D2-463C-AC84-A4956FDD1ED3}.Release|Any CPU.Build.0 = Release|Any CPU
		{CED7CEDA-46B8-4483-89D5-E5F38D84C5BC}.Debug|Any CPU.ActiveCfg = Debug|Any CPU
		{CED7CEDA-46B8-4483-89D5-E5F38D84C5BC}.Debug|Any CPU.Build.0 = Debug|Any CPU
		{CED7CEDA-46B8-4483-89D5-E5F38D84C5BC}.Release|Any CPU.ActiveCfg = Release|Any CPU
		{CED7CEDA-46B8-4483-89D5-E5F38D84C5BC}.Release|Any CPU.Build.0 = Release|Any CPU
		{F748F681-1228-4FA8-9A32-657D81C3BF0E}.Debug|Any CPU.ActiveCfg = Debug|Any CPU
		{F748F681-1228-4FA8-9A32-657D81C3BF0E}.Debug|Any CPU.Build.0 = Debug|Any CPU
		{F748F681-1228-4FA8-9A32-657D81C3BF0E}.Release|Any CPU.ActiveCfg = Release|Any CPU
		{F748F681-1228-4FA8-9A32-657D81C3BF0E}.Release|Any CPU.Build.0 = Release|Any CPU
		{331019B0-9170-4F31-9D93-283C6FA5F470}.Debug|Any CPU.ActiveCfg = Debug|Any CPU
		{331019B0-9170-4F31-9D93-283C6FA5F470}.Debug|Any CPU.Build.0 = Debug|Any CPU
		{331019B0-9170-4F31-9D93-283C6FA5F470}.Release|Any CPU.ActiveCfg = Release|Any CPU
		{331019B0-9170-4F31-9D93-283C6FA5F470}.Release|Any CPU.Build.0 = Release|Any CPU
		{DCF172AF-7F75-4E46-8005-A6B2FFDEBB68}.Debug|Any CPU.ActiveCfg = Debug|Any CPU
		{DCF172AF-7F75-4E46-8005-A6B2FFDEBB68}.Debug|Any CPU.Build.0 = Debug|Any CPU
		{DCF172AF-7F75-4E46-8005-A6B2FFDEBB68}.Release|Any CPU.ActiveCfg = Release|Any CPU
		{DCF172AF-7F75-4E46-8005-A6B2FFDEBB68}.Release|Any CPU.Build.0 = Release|Any CPU
		{0663BA78-8119-4012-85B5-81424E44C3B6}.Debug|Any CPU.ActiveCfg = Debug|Any CPU
		{0663BA78-8119-4012-85B5-81424E44C3B6}.Debug|Any CPU.Build.0 = Debug|Any CPU
		{0663BA78-8119-4012-85B5-81424E44C3B6}.Release|Any CPU.ActiveCfg = Release|Any CPU
		{0663BA78-8119-4012-85B5-81424E44C3B6}.Release|Any CPU.Build.0 = Release|Any CPU
		{3D7E245E-590C-479C-850F-5572110B7DF9}.Debug|Any CPU.ActiveCfg = Debug|Any CPU
		{3D7E245E-590C-479C-850F-5572110B7DF9}.Debug|Any CPU.Build.0 = Debug|Any CPU
		{3D7E245E-590C-479C-850F-5572110B7DF9}.Release|Any CPU.ActiveCfg = Release|Any CPU
		{3D7E245E-590C-479C-850F-5572110B7DF9}.Release|Any CPU.Build.0 = Release|Any CPU
		{90F58549-3A5F-40EC-B17F-D3DC09AFECD4}.Debug|Any CPU.ActiveCfg = Debug|Any CPU
		{90F58549-3A5F-40EC-B17F-D3DC09AFECD4}.Debug|Any CPU.Build.0 = Debug|Any CPU
		{90F58549-3A5F-40EC-B17F-D3DC09AFECD4}.Release|Any CPU.ActiveCfg = Release|Any CPU
		{90F58549-3A5F-40EC-B17F-D3DC09AFECD4}.Release|Any CPU.Build.0 = Release|Any CPU
		{D1BB4926-E227-4C57-9E6F-478CF44766C9}.Debug|Any CPU.ActiveCfg = Debug|Any CPU
		{D1BB4926-E227-4C57-9E6F-478CF44766C9}.Debug|Any CPU.Build.0 = Debug|Any CPU
		{D1BB4926-E227-4C57-9E6F-478CF44766C9}.Release|Any CPU.ActiveCfg = Release|Any CPU
		{D1BB4926-E227-4C57-9E6F-478CF44766C9}.Release|Any CPU.Build.0 = Release|Any CPU
		{084C5E49-E1CC-4B65-81F0-BA83EF472C2F}.Debug|Any CPU.ActiveCfg = Debug|Any CPU
		{084C5E49-E1CC-4B65-81F0-BA83EF472C2F}.Debug|Any CPU.Build.0 = Debug|Any CPU
		{084C5E49-E1CC-4B65-81F0-BA83EF472C2F}.Release|Any CPU.ActiveCfg = Release|Any CPU
		{084C5E49-E1CC-4B65-81F0-BA83EF472C2F}.Release|Any CPU.Build.0 = Release|Any CPU
		{6EE99E63-0A8E-43D7-91F6-F4E90327B784}.Debug|Any CPU.ActiveCfg = Debug|Any CPU
		{6EE99E63-0A8E-43D7-91F6-F4E90327B784}.Debug|Any CPU.Build.0 = Debug|Any CPU
		{6EE99E63-0A8E-43D7-91F6-F4E90327B784}.Release|Any CPU.ActiveCfg = Release|Any CPU
		{6EE99E63-0A8E-43D7-91F6-F4E90327B784}.Release|Any CPU.Build.0 = Release|Any CPU
		{D8F520FF-E251-4DCB-9068-5727CAA955F6}.Debug|Any CPU.ActiveCfg = Debug|Any CPU
		{D8F520FF-E251-4DCB-9068-5727CAA955F6}.Debug|Any CPU.Build.0 = Debug|Any CPU
		{D8F520FF-E251-4DCB-9068-5727CAA955F6}.Release|Any CPU.ActiveCfg = Release|Any CPU
		{D8F520FF-E251-4DCB-9068-5727CAA955F6}.Release|Any CPU.Build.0 = Release|Any CPU
		{339477AF-F840-4F63-980B-19409DD09B83}.Debug|Any CPU.ActiveCfg = Debug|Any CPU
		{339477AF-F840-4F63-980B-19409DD09B83}.Debug|Any CPU.Build.0 = Debug|Any CPU
		{339477AF-F840-4F63-980B-19409DD09B83}.Release|Any CPU.ActiveCfg = Release|Any CPU
		{339477AF-F840-4F63-980B-19409DD09B83}.Release|Any CPU.Build.0 = Release|Any CPU
	EndGlobalSection
	GlobalSection(SolutionProperties) = preSolution
		HideSolutionNode = FALSE
	EndGlobalSection
	GlobalSection(NestedProjects) = preSolution
		{AB42BDAB-F7BE-4871-BD73-1EEEFC62D85B} = {631F494D-9DFB-42A7-84C7-270C95B7EC2E}
		{6224C484-3E23-4F06-A749-195C1E478116} = {03CF2756-3B2A-4007-B4CA-2D3081F13C09}
		{0132C207-F90A-4087-BF1F-48C0E2D3AFC3} = {03CF2756-3B2A-4007-B4CA-2D3081F13C09}
		{6224C484-3E23-4F06-A749-195C1E478114} = {03CF2756-3B2A-4007-B4CA-2D3081F13C09}
		{6224C484-3E23-4F06-A749-195C1E478119} = {03CF2756-3B2A-4007-B4CA-2D3081F13C09}
		{6224C484-3E23-4F06-A749-195C1E478115} = {03CF2756-3B2A-4007-B4CA-2D3081F13C09}
		{6224C484-3E23-4F06-A749-195C1E478117} = {03CF2756-3B2A-4007-B4CA-2D3081F13C09}
		{7121F650-14D2-463C-AC84-A4956FDD1ED3} = {631F494D-9DFB-42A7-84C7-270C95B7EC2E}
		{CED7CEDA-46B8-4483-89D5-E5F38D84C5BC} = {631F494D-9DFB-42A7-84C7-270C95B7EC2E}
		{F748F681-1228-4FA8-9A32-657D81C3BF0E} = {631F494D-9DFB-42A7-84C7-270C95B7EC2E}
		{331019B0-9170-4F31-9D93-283C6FA5F470} = {03CF2756-3B2A-4007-B4CA-2D3081F13C09}
		{DCF172AF-7F75-4E46-8005-A6B2FFDEBB68} = {03CF2756-3B2A-4007-B4CA-2D3081F13C09}
		{0663BA78-8119-4012-85B5-81424E44C3B6} = {631F494D-9DFB-42A7-84C7-270C95B7EC2E}
		{3D7E245E-590C-479C-850F-5572110B7DF9} = {03CF2756-3B2A-4007-B4CA-2D3081F13C09}
		{90F58549-3A5F-40EC-B17F-D3DC09AFECD4} = {631F494D-9DFB-42A7-84C7-270C95B7EC2E}
		{D1BB4926-E227-4C57-9E6F-478CF44766C9} = {631F494D-9DFB-42A7-84C7-270C95B7EC2E}
		{084C5E49-E1CC-4B65-81F0-BA83EF472C2F} = {03CF2756-3B2A-4007-B4CA-2D3081F13C09}
		{6EE99E63-0A8E-43D7-91F6-F4E90327B784} = {FF4C78A3-7DBC-445E-B836-E7835F25B2BC}
		{D8F520FF-E251-4DCB-9068-5727CAA955F6} = {FF4C78A3-7DBC-445E-B836-E7835F25B2BC}
		{339477AF-F840-4F63-980B-19409DD09B83} = {FF4C78A3-7DBC-445E-B836-E7835F25B2BC}
	EndGlobalSection
	GlobalSection(ExtensibilityGlobals) = postSolution
		SolutionGuid = {A47D5791-DD56-46F9-B40F-AF963F95E93F}
	EndGlobalSection
EndGlobal
