
Microsoft Visual Studio Solution File, Format Version 12.00
# Visual Studio Version 16
VisualStudioVersion = 16.0.29806.167
MinimumVisualStudioVersion = 10.0.40219.1
Project("{2150E333-8FDC-42A3-9474-1A3956D46DE8}") = "Application", "Application", "{631F494D-9DFB-42A7-84C7-270C95B7EC2E}"
EndProject
Project("{2150E333-8FDC-42A3-9474-1A3956D46DE8}") = "Infrastructure", "Infrastructure", "{03CF2756-3B2A-4007-B4CA-2D3081F13C09}"
EndProject
Project("{9A19103F-16F7-4668-BE54-9A1E7A4F7556}") = "NetPro.Utility", "Library\NetPro.Utility\NetPro.Utility.csproj", "{6224C484-3E23-4F06-A749-195C1E478116}"
EndProject
Project("{9A19103F-16F7-4668-BE54-9A1E7A4F7556}") = "NetPro.Log", "Library\NetPro.Log\NetPro.Log.csproj", "{0132C207-F90A-4087-BF1F-48C0E2D3AFC3}"
EndProject
Project("{9A19103F-16F7-4668-BE54-9A1E7A4F7556}") = "NetPro.Web.Core", "Library\NetPro.Web.Core\NetPro.Web.Core.csproj", "{6224C484-3E23-4F06-A749-195C1E478114}"
EndProject
Project("{9A19103F-16F7-4668-BE54-9A1E7A4F7556}") = "NetPro.Web.Api", "Library\NetPro.Web.Api\NetPro.Web.Api.csproj", "{6224C484-3E23-4F06-A749-195C1E478115}"
EndProject
Project("{9A19103F-16F7-4668-BE54-9A1E7A4F7556}") = "NetPro.MongoDb", "Library\NetPro.MongoDb\NetPro.MongoDb.csproj", "{6224C484-3E23-4F06-A749-195C1E478117}"
EndProject
Project("{9A19103F-16F7-4668-BE54-9A1E7A4F7556}") = "NetPro.RabbitMQ", "Library\NetPro.RabbitMQ\NetPro.RabbitMQ.csproj", "{331019B0-9170-4F31-9D93-283C6FA5F470}"
EndProject
Project("{9A19103F-16F7-4668-BE54-9A1E7A4F7556}") = "NetPro.Core", "Library\NetPro.Core\NetPro.Core.csproj", "{DCF172AF-7F75-4E46-8005-A6B2FFDEBB68}"
EndProject
Project("{9A19103F-16F7-4668-BE54-9A1E7A4F7556}") = "NetPro.Checker", "Library\NetPro.Checker\NetPro.Checker.csproj", "{3D7E245E-590C-479C-850F-5572110B7DF9}"
EndProject
Project("{9A19103F-16F7-4668-BE54-9A1E7A4F7556}") = "NetPro.RedisManager", "Library\NetPro.RedisManager\NetPro.RedisManager.csproj", "{084C5E49-E1CC-4B65-81F0-BA83EF472C2F}"
EndProject
Project("{2150E333-8FDC-42A3-9474-1A3956D46DE8}") = "Test", "Test", "{FF4C78A3-7DBC-445E-B836-E7835F25B2BC}"
EndProject
Project("{9A19103F-16F7-4668-BE54-9A1E7A4F7556}") = "TestConsole", "Test\TestConsole\TestConsole.csproj", "{4C262888-148A-46A4-A4A1-5D88C7419B9E}"
EndProject
Project("{9A19103F-16F7-4668-BE54-9A1E7A4F7556}") = "NetPro.EFCore", "Library\NetPro.EFCore\NetPro.EFCore.csproj", "{1CF3F65F-A1FF-44D9-9487-77FE56E3DA88}"
EndProject
Project("{9A19103F-16F7-4668-BE54-9A1E7A4F7556}") = "NetPro.Sign", "Library\NetPro.Sign\NetPro.Sign.csproj", "{1823E386-8999-48F4-92F3-E7B5288C8247}"
EndProject
Project("{9A19103F-16F7-4668-BE54-9A1E7A4F7556}") = "NetPro.Swagger", "Library\NetPro.Swagger\NetPro.Swagger.csproj", "{A43C89E3-42AC-412C-BD9A-2972D5E7428E}"
EndProject
Project("{9A19103F-16F7-4668-BE54-9A1E7A4F7556}") = "NetPro.ResponseCache", "Library\NetPro.ResponseCache\NetPro.ResponseCache.csproj", "{E42E1369-22A5-4B66-8662-E260CD1E8818}"
EndProject
Project("{9A19103F-16F7-4668-BE54-9A1E7A4F7556}") = "NetPro.TypeFinder", "Library\NetPro.TypeFinder\NetPro.TypeFinder.csproj", "{58F0111B-3C90-48C2-B13D-9BF5F5F6BFCD}"
EndProject
Project("{9A19103F-16F7-4668-BE54-9A1E7A4F7556}") = "NetPro.ShareRequestBody", "Library\NetPro.ShareRequestData\NetPro.ShareRequestBody.csproj", "{F8499204-8BE8-47C7-8672-DB16DA8DE4DD}"
EndProject
Project("{9A19103F-16F7-4668-BE54-9A1E7A4F7556}") = "NetPro.Authentication", "Library\NetPro.Authentication\NetPro.Authentication.csproj", "{F998FFC8-E696-419F-91A5-1023AF0D471C}"
EndProject
Project("{9A19103F-16F7-4668-BE54-9A1E7A4F7556}") = "Leon.XXX.Api", "sample\Leon.XXX.Api\Leon.XXX.Api.csproj", "{2FD0EB59-254C-4EA3-8405-6E5335983CB8}"
EndProject
Project("{9A19103F-16F7-4668-BE54-9A1E7A4F7556}") = "Leon.XXX.Domain", "sample\Leon.XXX.Domain\Leon.XXX.Domain.csproj", "{A9720D4F-7CAE-4D62-A64E-A444AB48F03C}"
EndProject
Project("{9A19103F-16F7-4668-BE54-9A1E7A4F7556}") = "Leon.XXX.Process", "sample\Leon.XXX.Process\Leon.XXX.Process.csproj", "{2BC40E43-F4F2-4F67-A8ED-E06F8F16F0A4}"
EndProject
Project("{9A19103F-16F7-4668-BE54-9A1E7A4F7556}") = "Leon.XXX.Proxy", "sample\Leon.XXX.Proxy\Leon.XXX.Proxy.csproj", "{075CE8BB-6489-4B27-B851-746CCB41F193}"
EndProject
Project("{9A19103F-16F7-4668-BE54-9A1E7A4F7556}") = "Leon.XXX.Repository", "sample\Leon.XXX.Repository\Leon.XXX.Repository.csproj", "{69DD4CC9-5A6E-43E9-A7C4-92EA3B979DC3}"
EndProject
Project("{9A19103F-16F7-4668-BE54-9A1E7A4F7556}") = "Leon.XXXV2.Api", "sample\Leon.XXXV2.Api\Leon.XXXV2.Api.csproj", "{DC830F12-B93C-4818-BEAC-0737193CA9F7}"
EndProject
Project("{9A19103F-16F7-4668-BE54-9A1E7A4F7556}") = "NetPro.Analysic", "Library\NetPro.Analysic\NetPro.Analysic.csproj", "{5778ADAE-C4B2-4E51-B3BC-716C0246F8FA}"
EndProject
Project("{9A19103F-16F7-4668-BE54-9A1E7A4F7556}") = "UnitTest.StackExchangeRedis", "Test\UnitTest.StackExchangeRedis\UnitTest.StackExchangeRedis.csproj", "{5B0E4122-975D-4567-B56B-A67F511ED937}"
EndProject
Project("{9A19103F-16F7-4668-BE54-9A1E7A4F7556}") = "NetPro.StackExchange.Redis", "Library\NetPro.StackExchange.Redis\NetPro.StackExchange.Redis.csproj", "{2B4174DD-AC5A-4F8A-8326-A118D2B00E97}"
EndProject
Project("{9A19103F-16F7-4668-BE54-9A1E7A4F7556}") = "NetPro.CsRedis", "Library\NetPro.CsRedis\NetPro.CsRedis.csproj", "{2DF334A4-7F70-4EED-8C6B-64FB72576A22}"
EndProject
Project("{9A19103F-16F7-4668-BE54-9A1E7A4F7556}") = "Test.Demo.Api", "Test\Test.Demo.Api\Test.Demo.Api.csproj", "{8A68BFF6-42E2-440D-B144-FF828E8A46C6}"
EndProject
Project("{9A19103F-16F7-4668-BE54-9A1E7A4F7556}") = "NetPro.Proxy", "Library\NetPro.Proxy\NetPro.Proxy.csproj", "{6EFA157B-97F0-4048-B76E-B370CEA0D314}"
EndProject
Project("{9A19103F-16F7-4668-BE54-9A1E7A4F7556}") = "NetPro.ResponseResult", "Library\NetPro.ResponseResult\NetPro.ResponseResult.csproj", "{9127E7F2-1D48-460E-87FC-8337E793AFA4}"
EndProject
Global
	GlobalSection(SolutionConfigurationPlatforms) = preSolution
		Debug|Any CPU = Debug|Any CPU
		Release|Any CPU = Release|Any CPU
	EndGlobalSection
	GlobalSection(ProjectConfigurationPlatforms) = postSolution
		{6224C484-3E23-4F06-A749-195C1E478116}.Debug|Any CPU.ActiveCfg = Debug|Any CPU
		{6224C484-3E23-4F06-A749-195C1E478116}.Debug|Any CPU.Build.0 = Debug|Any CPU
		{6224C484-3E23-4F06-A749-195C1E478116}.Release|Any CPU.ActiveCfg = Release|Any CPU
		{6224C484-3E23-4F06-A749-195C1E478116}.Release|Any CPU.Build.0 = Release|Any CPU
		{0132C207-F90A-4087-BF1F-48C0E2D3AFC3}.Debug|Any CPU.ActiveCfg = Debug|Any CPU
		{0132C207-F90A-4087-BF1F-48C0E2D3AFC3}.Debug|Any CPU.Build.0 = Debug|Any CPU
		{0132C207-F90A-4087-BF1F-48C0E2D3AFC3}.Release|Any CPU.ActiveCfg = Release|Any CPU
		{0132C207-F90A-4087-BF1F-48C0E2D3AFC3}.Release|Any CPU.Build.0 = Release|Any CPU
		{6224C484-3E23-4F06-A749-195C1E478114}.Debug|Any CPU.ActiveCfg = Debug|Any CPU
		{6224C484-3E23-4F06-A749-195C1E478114}.Debug|Any CPU.Build.0 = Debug|Any CPU
		{6224C484-3E23-4F06-A749-195C1E478114}.Release|Any CPU.ActiveCfg = Release|Any CPU
		{6224C484-3E23-4F06-A749-195C1E478114}.Release|Any CPU.Build.0 = Release|Any CPU
		{6224C484-3E23-4F06-A749-195C1E478115}.Debug|Any CPU.ActiveCfg = Debug|Any CPU
		{6224C484-3E23-4F06-A749-195C1E478115}.Debug|Any CPU.Build.0 = Debug|Any CPU
		{6224C484-3E23-4F06-A749-195C1E478115}.Release|Any CPU.ActiveCfg = Release|Any CPU
		{6224C484-3E23-4F06-A749-195C1E478115}.Release|Any CPU.Build.0 = Release|Any CPU
		{6224C484-3E23-4F06-A749-195C1E478117}.Debug|Any CPU.ActiveCfg = Debug|Any CPU
		{6224C484-3E23-4F06-A749-195C1E478117}.Debug|Any CPU.Build.0 = Debug|Any CPU
		{6224C484-3E23-4F06-A749-195C1E478117}.Release|Any CPU.ActiveCfg = Release|Any CPU
		{6224C484-3E23-4F06-A749-195C1E478117}.Release|Any CPU.Build.0 = Release|Any CPU
		{331019B0-9170-4F31-9D93-283C6FA5F470}.Debug|Any CPU.ActiveCfg = Debug|Any CPU
		{331019B0-9170-4F31-9D93-283C6FA5F470}.Debug|Any CPU.Build.0 = Debug|Any CPU
		{331019B0-9170-4F31-9D93-283C6FA5F470}.Release|Any CPU.ActiveCfg = Release|Any CPU
		{331019B0-9170-4F31-9D93-283C6FA5F470}.Release|Any CPU.Build.0 = Release|Any CPU
		{DCF172AF-7F75-4E46-8005-A6B2FFDEBB68}.Debug|Any CPU.ActiveCfg = Debug|Any CPU
		{DCF172AF-7F75-4E46-8005-A6B2FFDEBB68}.Debug|Any CPU.Build.0 = Debug|Any CPU
		{DCF172AF-7F75-4E46-8005-A6B2FFDEBB68}.Release|Any CPU.ActiveCfg = Release|Any CPU
		{DCF172AF-7F75-4E46-8005-A6B2FFDEBB68}.Release|Any CPU.Build.0 = Release|Any CPU
		{3D7E245E-590C-479C-850F-5572110B7DF9}.Debug|Any CPU.ActiveCfg = Debug|Any CPU
		{3D7E245E-590C-479C-850F-5572110B7DF9}.Debug|Any CPU.Build.0 = Debug|Any CPU
		{3D7E245E-590C-479C-850F-5572110B7DF9}.Release|Any CPU.ActiveCfg = Release|Any CPU
		{3D7E245E-590C-479C-850F-5572110B7DF9}.Release|Any CPU.Build.0 = Release|Any CPU
		{084C5E49-E1CC-4B65-81F0-BA83EF472C2F}.Debug|Any CPU.ActiveCfg = Debug|Any CPU
		{084C5E49-E1CC-4B65-81F0-BA83EF472C2F}.Debug|Any CPU.Build.0 = Debug|Any CPU
		{084C5E49-E1CC-4B65-81F0-BA83EF472C2F}.Release|Any CPU.ActiveCfg = Release|Any CPU
		{084C5E49-E1CC-4B65-81F0-BA83EF472C2F}.Release|Any CPU.Build.0 = Release|Any CPU
		{4C262888-148A-46A4-A4A1-5D88C7419B9E}.Debug|Any CPU.ActiveCfg = Debug|Any CPU
		{4C262888-148A-46A4-A4A1-5D88C7419B9E}.Debug|Any CPU.Build.0 = Debug|Any CPU
		{4C262888-148A-46A4-A4A1-5D88C7419B9E}.Release|Any CPU.ActiveCfg = Release|Any CPU
		{4C262888-148A-46A4-A4A1-5D88C7419B9E}.Release|Any CPU.Build.0 = Release|Any CPU
		{1CF3F65F-A1FF-44D9-9487-77FE56E3DA88}.Debug|Any CPU.ActiveCfg = Debug|Any CPU
		{1CF3F65F-A1FF-44D9-9487-77FE56E3DA88}.Debug|Any CPU.Build.0 = Debug|Any CPU
		{1CF3F65F-A1FF-44D9-9487-77FE56E3DA88}.Release|Any CPU.ActiveCfg = Release|Any CPU
		{1CF3F65F-A1FF-44D9-9487-77FE56E3DA88}.Release|Any CPU.Build.0 = Release|Any CPU
		{1823E386-8999-48F4-92F3-E7B5288C8247}.Debug|Any CPU.ActiveCfg = Debug|Any CPU
		{1823E386-8999-48F4-92F3-E7B5288C8247}.Debug|Any CPU.Build.0 = Debug|Any CPU
		{1823E386-8999-48F4-92F3-E7B5288C8247}.Release|Any CPU.ActiveCfg = Release|Any CPU
		{1823E386-8999-48F4-92F3-E7B5288C8247}.Release|Any CPU.Build.0 = Release|Any CPU
		{A43C89E3-42AC-412C-BD9A-2972D5E7428E}.Debug|Any CPU.ActiveCfg = Debug|Any CPU
		{A43C89E3-42AC-412C-BD9A-2972D5E7428E}.Debug|Any CPU.Build.0 = Debug|Any CPU
		{A43C89E3-42AC-412C-BD9A-2972D5E7428E}.Release|Any CPU.ActiveCfg = Release|Any CPU
		{A43C89E3-42AC-412C-BD9A-2972D5E7428E}.Release|Any CPU.Build.0 = Release|Any CPU
		{E42E1369-22A5-4B66-8662-E260CD1E8818}.Debug|Any CPU.ActiveCfg = Debug|Any CPU
		{E42E1369-22A5-4B66-8662-E260CD1E8818}.Debug|Any CPU.Build.0 = Debug|Any CPU
		{E42E1369-22A5-4B66-8662-E260CD1E8818}.Release|Any CPU.ActiveCfg = Release|Any CPU
		{E42E1369-22A5-4B66-8662-E260CD1E8818}.Release|Any CPU.Build.0 = Release|Any CPU
		{58F0111B-3C90-48C2-B13D-9BF5F5F6BFCD}.Debug|Any CPU.ActiveCfg = Debug|Any CPU
		{58F0111B-3C90-48C2-B13D-9BF5F5F6BFCD}.Debug|Any CPU.Build.0 = Debug|Any CPU
		{58F0111B-3C90-48C2-B13D-9BF5F5F6BFCD}.Release|Any CPU.ActiveCfg = Release|Any CPU
		{58F0111B-3C90-48C2-B13D-9BF5F5F6BFCD}.Release|Any CPU.Build.0 = Release|Any CPU
		{F8499204-8BE8-47C7-8672-DB16DA8DE4DD}.Debug|Any CPU.ActiveCfg = Debug|Any CPU
		{F8499204-8BE8-47C7-8672-DB16DA8DE4DD}.Debug|Any CPU.Build.0 = Debug|Any CPU
		{F8499204-8BE8-47C7-8672-DB16DA8DE4DD}.Release|Any CPU.ActiveCfg = Release|Any CPU
		{F8499204-8BE8-47C7-8672-DB16DA8DE4DD}.Release|Any CPU.Build.0 = Release|Any CPU
		{F998FFC8-E696-419F-91A5-1023AF0D471C}.Debug|Any CPU.ActiveCfg = Debug|Any CPU
		{F998FFC8-E696-419F-91A5-1023AF0D471C}.Debug|Any CPU.Build.0 = Debug|Any CPU
		{F998FFC8-E696-419F-91A5-1023AF0D471C}.Release|Any CPU.ActiveCfg = Release|Any CPU
		{F998FFC8-E696-419F-91A5-1023AF0D471C}.Release|Any CPU.Build.0 = Release|Any CPU
		{2FD0EB59-254C-4EA3-8405-6E5335983CB8}.Debug|Any CPU.ActiveCfg = Debug|Any CPU
		{2FD0EB59-254C-4EA3-8405-6E5335983CB8}.Debug|Any CPU.Build.0 = Debug|Any CPU
		{2FD0EB59-254C-4EA3-8405-6E5335983CB8}.Release|Any CPU.ActiveCfg = Release|Any CPU
		{2FD0EB59-254C-4EA3-8405-6E5335983CB8}.Release|Any CPU.Build.0 = Release|Any CPU
		{A9720D4F-7CAE-4D62-A64E-A444AB48F03C}.Debug|Any CPU.ActiveCfg = Debug|Any CPU
		{A9720D4F-7CAE-4D62-A64E-A444AB48F03C}.Debug|Any CPU.Build.0 = Debug|Any CPU
		{A9720D4F-7CAE-4D62-A64E-A444AB48F03C}.Release|Any CPU.ActiveCfg = Release|Any CPU
		{A9720D4F-7CAE-4D62-A64E-A444AB48F03C}.Release|Any CPU.Build.0 = Release|Any CPU
		{2BC40E43-F4F2-4F67-A8ED-E06F8F16F0A4}.Debug|Any CPU.ActiveCfg = Debug|Any CPU
		{2BC40E43-F4F2-4F67-A8ED-E06F8F16F0A4}.Debug|Any CPU.Build.0 = Debug|Any CPU
		{2BC40E43-F4F2-4F67-A8ED-E06F8F16F0A4}.Release|Any CPU.ActiveCfg = Release|Any CPU
		{2BC40E43-F4F2-4F67-A8ED-E06F8F16F0A4}.Release|Any CPU.Build.0 = Release|Any CPU
		{075CE8BB-6489-4B27-B851-746CCB41F193}.Debug|Any CPU.ActiveCfg = Debug|Any CPU
		{075CE8BB-6489-4B27-B851-746CCB41F193}.Debug|Any CPU.Build.0 = Debug|Any CPU
		{075CE8BB-6489-4B27-B851-746CCB41F193}.Release|Any CPU.ActiveCfg = Release|Any CPU
		{075CE8BB-6489-4B27-B851-746CCB41F193}.Release|Any CPU.Build.0 = Release|Any CPU
		{69DD4CC9-5A6E-43E9-A7C4-92EA3B979DC3}.Debug|Any CPU.ActiveCfg = Debug|Any CPU
		{69DD4CC9-5A6E-43E9-A7C4-92EA3B979DC3}.Debug|Any CPU.Build.0 = Debug|Any CPU
		{69DD4CC9-5A6E-43E9-A7C4-92EA3B979DC3}.Release|Any CPU.ActiveCfg = Release|Any CPU
		{69DD4CC9-5A6E-43E9-A7C4-92EA3B979DC3}.Release|Any CPU.Build.0 = Release|Any CPU
		{DC830F12-B93C-4818-BEAC-0737193CA9F7}.Debug|Any CPU.ActiveCfg = Debug|Any CPU
		{DC830F12-B93C-4818-BEAC-0737193CA9F7}.Debug|Any CPU.Build.0 = Debug|Any CPU
		{DC830F12-B93C-4818-BEAC-0737193CA9F7}.Release|Any CPU.ActiveCfg = Release|Any CPU
		{DC830F12-B93C-4818-BEAC-0737193CA9F7}.Release|Any CPU.Build.0 = Release|Any CPU
		{5778ADAE-C4B2-4E51-B3BC-716C0246F8FA}.Debug|Any CPU.ActiveCfg = Debug|Any CPU
		{5778ADAE-C4B2-4E51-B3BC-716C0246F8FA}.Debug|Any CPU.Build.0 = Debug|Any CPU
		{5778ADAE-C4B2-4E51-B3BC-716C0246F8FA}.Release|Any CPU.ActiveCfg = Release|Any CPU
		{5778ADAE-C4B2-4E51-B3BC-716C0246F8FA}.Release|Any CPU.Build.0 = Release|Any CPU
		{5B0E4122-975D-4567-B56B-A67F511ED937}.Debug|Any CPU.ActiveCfg = Debug|Any CPU
		{5B0E4122-975D-4567-B56B-A67F511ED937}.Debug|Any CPU.Build.0 = Debug|Any CPU
		{5B0E4122-975D-4567-B56B-A67F511ED937}.Release|Any CPU.ActiveCfg = Release|Any CPU
		{5B0E4122-975D-4567-B56B-A67F511ED937}.Release|Any CPU.Build.0 = Release|Any CPU
		{2B4174DD-AC5A-4F8A-8326-A118D2B00E97}.Debug|Any CPU.ActiveCfg = Debug|Any CPU
		{2B4174DD-AC5A-4F8A-8326-A118D2B00E97}.Debug|Any CPU.Build.0 = Debug|Any CPU
		{2B4174DD-AC5A-4F8A-8326-A118D2B00E97}.Release|Any CPU.ActiveCfg = Release|Any CPU
		{2B4174DD-AC5A-4F8A-8326-A118D2B00E97}.Release|Any CPU.Build.0 = Release|Any CPU
		{2DF334A4-7F70-4EED-8C6B-64FB72576A22}.Debug|Any CPU.ActiveCfg = Debug|Any CPU
		{2DF334A4-7F70-4EED-8C6B-64FB72576A22}.Debug|Any CPU.Build.0 = Debug|Any CPU
		{2DF334A4-7F70-4EED-8C6B-64FB72576A22}.Release|Any CPU.ActiveCfg = Release|Any CPU
		{2DF334A4-7F70-4EED-8C6B-64FB72576A22}.Release|Any CPU.Build.0 = Release|Any CPU
		{8A68BFF6-42E2-440D-B144-FF828E8A46C6}.Debug|Any CPU.ActiveCfg = Debug|Any CPU
		{8A68BFF6-42E2-440D-B144-FF828E8A46C6}.Debug|Any CPU.Build.0 = Debug|Any CPU
		{8A68BFF6-42E2-440D-B144-FF828E8A46C6}.Release|Any CPU.ActiveCfg = Release|Any CPU
		{8A68BFF6-42E2-440D-B144-FF828E8A46C6}.Release|Any CPU.Build.0 = Release|Any CPU
		{6EFA157B-97F0-4048-B76E-B370CEA0D314}.Debug|Any CPU.ActiveCfg = Debug|Any CPU
		{6EFA157B-97F0-4048-B76E-B370CEA0D314}.Debug|Any CPU.Build.0 = Debug|Any CPU
		{6EFA157B-97F0-4048-B76E-B370CEA0D314}.Release|Any CPU.ActiveCfg = Release|Any CPU
		{6EFA157B-97F0-4048-B76E-B370CEA0D314}.Release|Any CPU.Build.0 = Release|Any CPU
		{9127E7F2-1D48-460E-87FC-8337E793AFA4}.Debug|Any CPU.ActiveCfg = Debug|Any CPU
		{9127E7F2-1D48-460E-87FC-8337E793AFA4}.Debug|Any CPU.Build.0 = Debug|Any CPU
		{9127E7F2-1D48-460E-87FC-8337E793AFA4}.Release|Any CPU.ActiveCfg = Release|Any CPU
		{9127E7F2-1D48-460E-87FC-8337E793AFA4}.Release|Any CPU.Build.0 = Release|Any CPU
	EndGlobalSection
	GlobalSection(SolutionProperties) = preSolution
		HideSolutionNode = FALSE
	EndGlobalSection
	GlobalSection(NestedProjects) = preSolution
		{6224C484-3E23-4F06-A749-195C1E478116} = {03CF2756-3B2A-4007-B4CA-2D3081F13C09}
		{0132C207-F90A-4087-BF1F-48C0E2D3AFC3} = {03CF2756-3B2A-4007-B4CA-2D3081F13C09}
		{6224C484-3E23-4F06-A749-195C1E478114} = {03CF2756-3B2A-4007-B4CA-2D3081F13C09}
		{6224C484-3E23-4F06-A749-195C1E478115} = {03CF2756-3B2A-4007-B4CA-2D3081F13C09}
		{6224C484-3E23-4F06-A749-195C1E478117} = {03CF2756-3B2A-4007-B4CA-2D3081F13C09}
		{331019B0-9170-4F31-9D93-283C6FA5F470} = {03CF2756-3B2A-4007-B4CA-2D3081F13C09}
		{DCF172AF-7F75-4E46-8005-A6B2FFDEBB68} = {03CF2756-3B2A-4007-B4CA-2D3081F13C09}
		{3D7E245E-590C-479C-850F-5572110B7DF9} = {03CF2756-3B2A-4007-B4CA-2D3081F13C09}
		{084C5E49-E1CC-4B65-81F0-BA83EF472C2F} = {03CF2756-3B2A-4007-B4CA-2D3081F13C09}
		{4C262888-148A-46A4-A4A1-5D88C7419B9E} = {FF4C78A3-7DBC-445E-B836-E7835F25B2BC}
		{1CF3F65F-A1FF-44D9-9487-77FE56E3DA88} = {03CF2756-3B2A-4007-B4CA-2D3081F13C09}
		{1823E386-8999-48F4-92F3-E7B5288C8247} = {03CF2756-3B2A-4007-B4CA-2D3081F13C09}
		{A43C89E3-42AC-412C-BD9A-2972D5E7428E} = {03CF2756-3B2A-4007-B4CA-2D3081F13C09}
		{E42E1369-22A5-4B66-8662-E260CD1E8818} = {03CF2756-3B2A-4007-B4CA-2D3081F13C09}
		{58F0111B-3C90-48C2-B13D-9BF5F5F6BFCD} = {03CF2756-3B2A-4007-B4CA-2D3081F13C09}
		{F8499204-8BE8-47C7-8672-DB16DA8DE4DD} = {03CF2756-3B2A-4007-B4CA-2D3081F13C09}
		{F998FFC8-E696-419F-91A5-1023AF0D471C} = {03CF2756-3B2A-4007-B4CA-2D3081F13C09}
		{2FD0EB59-254C-4EA3-8405-6E5335983CB8} = {631F494D-9DFB-42A7-84C7-270C95B7EC2E}
		{A9720D4F-7CAE-4D62-A64E-A444AB48F03C} = {631F494D-9DFB-42A7-84C7-270C95B7EC2E}
		{2BC40E43-F4F2-4F67-A8ED-E06F8F16F0A4} = {631F494D-9DFB-42A7-84C7-270C95B7EC2E}
		{075CE8BB-6489-4B27-B851-746CCB41F193} = {631F494D-9DFB-42A7-84C7-270C95B7EC2E}
		{69DD4CC9-5A6E-43E9-A7C4-92EA3B979DC3} = {631F494D-9DFB-42A7-84C7-270C95B7EC2E}
		{DC830F12-B93C-4818-BEAC-0737193CA9F7} = {631F494D-9DFB-42A7-84C7-270C95B7EC2E}
		{5778ADAE-C4B2-4E51-B3BC-716C0246F8FA} = {03CF2756-3B2A-4007-B4CA-2D3081F13C09}
		{5B0E4122-975D-4567-B56B-A67F511ED937} = {FF4C78A3-7DBC-445E-B836-E7835F25B2BC}
		{2B4174DD-AC5A-4F8A-8326-A118D2B00E97} = {03CF2756-3B2A-4007-B4CA-2D3081F13C09}
		{2DF334A4-7F70-4EED-8C6B-64FB72576A22} = {03CF2756-3B2A-4007-B4CA-2D3081F13C09}
		{8A68BFF6-42E2-440D-B144-FF828E8A46C6} = {FF4C78A3-7DBC-445E-B836-E7835F25B2BC}
		{6EFA157B-97F0-4048-B76E-B370CEA0D314} = {03CF2756-3B2A-4007-B4CA-2D3081F13C09}
		{9127E7F2-1D48-460E-87FC-8337E793AFA4} = {03CF2756-3B2A-4007-B4CA-2D3081F13C09}
	EndGlobalSection
	GlobalSection(ExtensibilityGlobals) = postSolution
		SolutionGuid = {A47D5791-DD56-46F9-B40F-AF963F95E93F}
	EndGlobalSection
EndGlobal
